// !$*UTF8*$!
{
	archiveVersion = 1;
	classes = {
	};
	objectVersion = 50;
	objects = {

/* Begin PBXBuildFile section */
		3F801F1E227C245A00A14AE7 /* AppDelegate.swift in Sources */ = {isa = PBXBuildFile; fileRef = 3F801F1D227C245A00A14AE7 /* AppDelegate.swift */; };
		3F801F20227C245A00A14AE7 /* ViewController.swift in Sources */ = {isa = PBXBuildFile; fileRef = 3F801F1F227C245A00A14AE7 /* ViewController.swift */; };
		3F801F23227C245A00A14AE7 /* Main.storyboard in Resources */ = {isa = PBXBuildFile; fileRef = 3F801F21227C245A00A14AE7 /* Main.storyboard */; };
		3F801F25227C245D00A14AE7 /* Assets.xcassets in Resources */ = {isa = PBXBuildFile; fileRef = 3F801F24227C245D00A14AE7 /* Assets.xcassets */; };
		3F801F28227C245D00A14AE7 /* LaunchScreen.storyboard in Resources */ = {isa = PBXBuildFile; fileRef = 3F801F26227C245D00A14AE7 /* LaunchScreen.storyboard */; };
		3F801F33227C245E00A14AE7 /* RecorderTests.swift in Sources */ = {isa = PBXBuildFile; fileRef = 3F801F32227C245E00A14AE7 /* RecorderTests.swift */; };
		3F801F3E227C245E00A14AE7 /* RecorderUITests.swift in Sources */ = {isa = PBXBuildFile; fileRef = 3F801F3D227C245E00A14AE7 /* RecorderUITests.swift */; };
/* End PBXBuildFile section */

/* Begin PBXContainerItemProxy section */
		3F801F2F227C245E00A14AE7 /* PBXContainerItemProxy */ = {
			isa = PBXContainerItemProxy;
			containerPortal = 3F801F12227C245A00A14AE7 /* Project object */;
			proxyType = 1;
			remoteGlobalIDString = 3F801F19227C245A00A14AE7;
			remoteInfo = Recorder;
		};
		3F801F3A227C245E00A14AE7 /* PBXContainerItemProxy */ = {
			isa = PBXContainerItemProxy;
			containerPortal = 3F801F12227C245A00A14AE7 /* Project object */;
			proxyType = 1;
			remoteGlobalIDString = 3F801F19227C245A00A14AE7;
			remoteInfo = Recorder;
		};
/* End PBXContainerItemProxy section */

/* Begin PBXFileReference section */
		3F801F1A227C245A00A14AE7 /* Recorder.app */ = {isa = PBXFileReference; explicitFileType = wrapper.application; includeInIndex = 0; path = Recorder.app; sourceTree = BUILT_PRODUCTS_DIR; };
		3F801F1D227C245A00A14AE7 /* AppDelegate.swift */ = {isa = PBXFileReference; lastKnownFileType = sourcecode.swift; path = AppDelegate.swift; sourceTree = "<group>"; };
		3F801F1F227C245A00A14AE7 /* ViewController.swift */ = {isa = PBXFileReference; lastKnownFileType = sourcecode.swift; path = ViewController.swift; sourceTree = "<group>"; };
		3F801F22227C245A00A14AE7 /* Base */ = {isa = PBXFileReference; lastKnownFileType = file.storyboard; name = Base; path = Base.lproj/Main.storyboard; sourceTree = "<group>"; };
		3F801F24227C245D00A14AE7 /* Assets.xcassets */ = {isa = PBXFileReference; lastKnownFileType = folder.assetcatalog; path = Assets.xcassets; sourceTree = "<group>"; };
		3F801F27227C245D00A14AE7 /* Base */ = {isa = PBXFileReference; lastKnownFileType = file.storyboard; name = Base; path = Base.lproj/LaunchScreen.storyboard; sourceTree = "<group>"; };
		3F801F29227C245D00A14AE7 /* Info.plist */ = {isa = PBXFileReference; lastKnownFileType = text.plist.xml; path = Info.plist; sourceTree = "<group>"; };
		3F801F2E227C245E00A14AE7 /* RecorderTests.xctest */ = {isa = PBXFileReference; explicitFileType = wrapper.cfbundle; includeInIndex = 0; path = RecorderTests.xctest; sourceTree = BUILT_PRODUCTS_DIR; };
		3F801F32227C245E00A14AE7 /* RecorderTests.swift */ = {isa = PBXFileReference; lastKnownFileType = sourcecode.swift; path = RecorderTests.swift; sourceTree = "<group>"; };
		3F801F34227C245E00A14AE7 /* Info.plist */ = {isa = PBXFileReference; lastKnownFileType = text.plist.xml; path = Info.plist; sourceTree = "<group>"; };
		3F801F39227C245E00A14AE7 /* RecorderUITests.xctest */ = {isa = PBXFileReference; explicitFileType = wrapper.cfbundle; includeInIndex = 0; path = RecorderUITests.xctest; sourceTree = BUILT_PRODUCTS_DIR; };
		3F801F3D227C245E00A14AE7 /* RecorderUITests.swift */ = {isa = PBXFileReference; lastKnownFileType = sourcecode.swift; path = RecorderUITests.swift; sourceTree = "<group>"; };
		3F801F3F227C245E00A14AE7 /* Info.plist */ = {isa = PBXFileReference; lastKnownFileType = text.plist.xml; path = Info.plist; sourceTree = "<group>"; };
/* End PBXFileReference section */

/* Begin PBXFrameworksBuildPhase section */
		3F801F17227C245A00A14AE7 /* Frameworks */ = {
			isa = PBXFrameworksBuildPhase;
			buildActionMask = 2147483647;
			files = (
			);
			runOnlyForDeploymentPostprocessing = 0;
		};
		3F801F2B227C245E00A14AE7 /* Frameworks */ = {
			isa = PBXFrameworksBuildPhase;
			buildActionMask = 2147483647;
			files = (
			);
			runOnlyForDeploymentPostprocessing = 0;
		};
		3F801F36227C245E00A14AE7 /* Frameworks */ = {
			isa = PBXFrameworksBuildPhase;
			buildActionMask = 2147483647;
			files = (
			);
			runOnlyForDeploymentPostprocessing = 0;
		};
/* End PBXFrameworksBuildPhase section */

/* Begin PBXGroup section */
		3F801F11227C245A00A14AE7 = {
			isa = PBXGroup;
			children = (
				3F801F1C227C245A00A14AE7 /* Recorder */,
				3F801F31227C245E00A14AE7 /* RecorderTests */,
				3F801F3C227C245E00A14AE7 /* RecorderUITests */,
				3F801F1B227C245A00A14AE7 /* Products */,
			);
			sourceTree = "<group>";
		};
		3F801F1B227C245A00A14AE7 /* Products */ = {
			isa = PBXGroup;
			children = (
				3F801F1A227C245A00A14AE7 /* Recorder.app */,
				3F801F2E227C245E00A14AE7 /* RecorderTests.xctest */,
				3F801F39227C245E00A14AE7 /* RecorderUITests.xctest */,
			);
			name = Products;
			sourceTree = "<group>";
		};
		3F801F1C227C245A00A14AE7 /* Recorder */ = {
			isa = PBXGroup;
			children = (
				3F801F1D227C245A00A14AE7 /* AppDelegate.swift */,
				3F801F1F227C245A00A14AE7 /* ViewController.swift */,
				3F801F21227C245A00A14AE7 /* Main.storyboard */,
				3F801F24227C245D00A14AE7 /* Assets.xcassets */,
				3F801F26227C245D00A14AE7 /* LaunchScreen.storyboard */,
				3F801F29227C245D00A14AE7 /* Info.plist */,
			);
			path = Recorder;
			sourceTree = "<group>";
		};
		3F801F31227C245E00A14AE7 /* RecorderTests */ = {
			isa = PBXGroup;
			children = (
				3F801F32227C245E00A14AE7 /* RecorderTests.swift */,
				3F801F34227C245E00A14AE7 /* Info.plist */,
			);
			path = RecorderTests;
			sourceTree = "<group>";
		};
		3F801F3C227C245E00A14AE7 /* RecorderUITests */ = {
			isa = PBXGroup;
			children = (
				3F801F3D227C245E00A14AE7 /* RecorderUITests.swift */,
				3F801F3F227C245E00A14AE7 /* Info.plist */,
			);
			path = RecorderUITests;
			sourceTree = "<group>";
		};
/* End PBXGroup section */

/* Begin PBXNativeTarget section */
		3F801F19227C245A00A14AE7 /* Recorder */ = {
			isa = PBXNativeTarget;
			buildConfigurationList = 3F801F42227C245E00A14AE7 /* Build configuration list for PBXNativeTarget "Recorder" */;
			buildPhases = (
				3F801F16227C245A00A14AE7 /* Sources */,
				3F801F17227C245A00A14AE7 /* Frameworks */,
				3F801F18227C245A00A14AE7 /* Resources */,
			);
			buildRules = (
			);
			dependencies = (
			);
			name = Recorder;
			productName = Recorder;
			productReference = 3F801F1A227C245A00A14AE7 /* Recorder.app */;
			productType = "com.apple.product-type.application";
		};
		3F801F2D227C245E00A14AE7 /* RecorderTests */ = {
			isa = PBXNativeTarget;
			buildConfigurationList = 3F801F45227C245E00A14AE7 /* Build configuration list for PBXNativeTarget "RecorderTests" */;
			buildPhases = (
				3F801F2A227C245E00A14AE7 /* Sources */,
				3F801F2B227C245E00A14AE7 /* Frameworks */,
				3F801F2C227C245E00A14AE7 /* Resources */,
			);
			buildRules = (
			);
			dependencies = (
				3F801F30227C245E00A14AE7 /* PBXTargetDependency */,
			);
			name = RecorderTests;
			productName = RecorderTests;
			productReference = 3F801F2E227C245E00A14AE7 /* RecorderTests.xctest */;
			productType = "com.apple.product-type.bundle.unit-test";
		};
		3F801F38227C245E00A14AE7 /* RecorderUITests */ = {
			isa = PBXNativeTarget;
			buildConfigurationList = 3F801F48227C245E00A14AE7 /* Build configuration list for PBXNativeTarget "RecorderUITests" */;
			buildPhases = (
				3F801F35227C245E00A14AE7 /* Sources */,
				3F801F36227C245E00A14AE7 /* Frameworks */,
				3F801F37227C245E00A14AE7 /* Resources */,
			);
			buildRules = (
			);
			dependencies = (
				3F801F3B227C245E00A14AE7 /* PBXTargetDependency */,
			);
			name = RecorderUITests;
			productName = RecorderUITests;
			productReference = 3F801F39227C245E00A14AE7 /* RecorderUITests.xctest */;
			productType = "com.apple.product-type.bundle.ui-testing";
		};
/* End PBXNativeTarget section */

/* Begin PBXProject section */
		3F801F12227C245A00A14AE7 /* Project object */ = {
			isa = PBXProject;
			attributes = {
				LastSwiftUpdateCheck = 1020;
				LastUpgradeCheck = 1020;
				ORGANIZATIONNAME = "muddi hejjo";
				TargetAttributes = {
					3F801F19227C245A00A14AE7 = {
						CreatedOnToolsVersion = 10.2;
					};
					3F801F2D227C245E00A14AE7 = {
						CreatedOnToolsVersion = 10.2;
						TestTargetID = 3F801F19227C245A00A14AE7;
					};
					3F801F38227C245E00A14AE7 = {
						CreatedOnToolsVersion = 10.2;
						TestTargetID = 3F801F19227C245A00A14AE7;
					};
				};
			};
			buildConfigurationList = 3F801F15227C245A00A14AE7 /* Build configuration list for PBXProject "Recorder" */;
			compatibilityVersion = "Xcode 9.3";
			developmentRegion = en;
			hasScannedForEncodings = 0;
			knownRegions = (
				en,
				Base,
			);
			mainGroup = 3F801F11227C245A00A14AE7;
			productRefGroup = 3F801F1B227C245A00A14AE7 /* Products */;
			projectDirPath = "";
			projectRoot = "";
			targets = (
				3F801F19227C245A00A14AE7 /* Recorder */,
				3F801F2D227C245E00A14AE7 /* RecorderTests */,
				3F801F38227C245E00A14AE7 /* RecorderUITests */,
			);
		};
/* End PBXProject section */

/* Begin PBXResourcesBuildPhase section */
		3F801F18227C245A00A14AE7 /* Resources */ = {
			isa = PBXResourcesBuildPhase;
			buildActionMask = 2147483647;
			files = (
				3F801F28227C245D00A14AE7 /* LaunchScreen.storyboard in Resources */,
				3F801F25227C245D00A14AE7 /* Assets.xcassets in Resources */,
				3F801F23227C245A00A14AE7 /* Main.storyboard in Resources */,
			);
			runOnlyForDeploymentPostprocessing = 0;
		};
		3F801F2C227C245E00A14AE7 /* Resources */ = {
			isa = PBXResourcesBuildPhase;
			buildActionMask = 2147483647;
			files = (
			);
			runOnlyForDeploymentPostprocessing = 0;
		};
		3F801F37227C245E00A14AE7 /* Resources */ = {
			isa = PBXResourcesBuildPhase;
			buildActionMask = 2147483647;
			files = (
			);
			runOnlyForDeploymentPostprocessing = 0;
		};
/* End PBXResourcesBuildPhase section */

/* Begin PBXSourcesBuildPhase section */
		3F801F16227C245A00A14AE7 /* Sources */ = {
			isa = PBXSourcesBuildPhase;
			buildActionMask = 2147483647;
			files = (
				3F801F20227C245A00A14AE7 /* ViewController.swift in Sources */,
				3F801F1E227C245A00A14AE7 /* AppDelegate.swift in Sources */,
			);
			runOnlyForDeploymentPostprocessing = 0;
		};
		3F801F2A227C245E00A14AE7 /* Sources */ = {
			isa = PBXSourcesBuildPhase;
			buildActionMask = 2147483647;
			files = (
				3F801F33227C245E00A14AE7 /* RecorderTests.swift in Sources */,
			);
			runOnlyForDeploymentPostprocessing = 0;
		};
		3F801F35227C245E00A14AE7 /* Sources */ = {
			isa = PBXSourcesBuildPhase;
			buildActionMask = 2147483647;
			files = (
				3F801F3E227C245E00A14AE7 /* RecorderUITests.swift in Sources */,
			);
			runOnlyForDeploymentPostprocessing = 0;
		};
/* End PBXSourcesBuildPhase section */

/* Begin PBXTargetDependency section */
		3F801F30227C245E00A14AE7 /* PBXTargetDependency */ = {
			isa = PBXTargetDependency;
			target = 3F801F19227C245A00A14AE7 /* Recorder */;
			targetProxy = 3F801F2F227C245E00A14AE7 /* PBXContainerItemProxy */;
		};
		3F801F3B227C245E00A14AE7 /* PBXTargetDependency */ = {
			isa = PBXTargetDependency;
			target = 3F801F19227C245A00A14AE7 /* Recorder */;
			targetProxy = 3F801F3A227C245E00A14AE7 /* PBXContainerItemProxy */;
		};
/* End PBXTargetDependency section */

/* Begin PBXVariantGroup section */
		3F801F21227C245A00A14AE7 /* Main.storyboard */ = {
			isa = PBXVariantGroup;
			children = (
				3F801F22227C245A00A14AE7 /* Base */,
			);
			name = Main.storyboard;
			sourceTree = "<group>";
		};
		3F801F26227C245D00A14AE7 /* LaunchScreen.storyboard */ = {
			isa = PBXVariantGroup;
			children = (
				3F801F27227C245D00A14AE7 /* Base */,
			);
			name = LaunchScreen.storyboard;
			sourceTree = "<group>";
		};
/* End PBXVariantGroup section */

/* Begin XCBuildConfiguration section */
		3F801F40227C245E00A14AE7 /* Debug */ = {
			isa = XCBuildConfiguration;
			buildSettings = {
				ALWAYS_SEARCH_USER_PATHS = NO;
				CLANG_ANALYZER_NONNULL = YES;
				CLANG_ANALYZER_NUMBER_OBJECT_CONVERSION = YES_AGGRESSIVE;
				CLANG_CXX_LANGUAGE_STANDARD = "gnu++14";
				CLANG_CXX_LIBRARY = "libc++";
				CLANG_ENABLE_MODULES = YES;
				CLANG_ENABLE_OBJC_ARC = YES;
				CLANG_ENABLE_OBJC_WEAK = YES;
				CLANG_WARN_BLOCK_CAPTURE_AUTORELEASING = YES;
				CLANG_WARN_BOOL_CONVERSION = YES;
				CLANG_WARN_COMMA = YES;
				CLANG_WARN_CONSTANT_CONVERSION = YES;
				CLANG_WARN_DEPRECATED_OBJC_IMPLEMENTATIONS = YES;
				CLANG_WARN_DIRECT_OBJC_ISA_USAGE = YES_ERROR;
				CLANG_WARN_DOCUMENTATION_COMMENTS = YES;
				CLANG_WARN_EMPTY_BODY = YES;
				CLANG_WARN_ENUM_CONVERSION = YES;
				CLANG_WARN_INFINITE_RECURSION = YES;
				CLANG_WARN_INT_CONVERSION = YES;
				CLANG_WARN_NON_LITERAL_NULL_CONVERSION = YES;
				CLANG_WARN_OBJC_IMPLICIT_RETAIN_SELF = YES;
				CLANG_WARN_OBJC_LITERAL_CONVERSION = YES;
				CLANG_WARN_OBJC_ROOT_CLASS = YES_ERROR;
				CLANG_WARN_RANGE_LOOP_ANALYSIS = YES;
				CLANG_WARN_STRICT_PROTOTYPES = YES;
				CLANG_WARN_SUSPICIOUS_MOVE = YES;
				CLANG_WARN_UNGUARDED_AVAILABILITY = YES_AGGRESSIVE;
				CLANG_WARN_UNREACHABLE_CODE = YES;
				CLANG_WARN__DUPLICATE_METHOD_MATCH = YES;
				CODE_SIGN_IDENTITY = "iPhone Developer";
				COPY_PHASE_STRIP = NO;
				DEBUG_INFORMATION_FORMAT = dwarf;
				ENABLE_STRICT_OBJC_MSGSEND = YES;
				ENABLE_TESTABILITY = YES;
				GCC_C_LANGUAGE_STANDARD = gnu11;
				GCC_DYNAMIC_NO_PIC = NO;
				GCC_NO_COMMON_BLOCKS = YES;
				GCC_OPTIMIZATION_LEVEL = 0;
				GCC_PREPROCESSOR_DEFINITIONS = (
					"DEBUG=1",
					"$(inherited)",
				);
				GCC_WARN_64_TO_32_BIT_CONVERSION = YES;
				GCC_WARN_ABOUT_RETURN_TYPE = YES_ERROR;
				GCC_WARN_UNDECLARED_SELECTOR = YES;
				GCC_WARN_UNINITIALIZED_AUTOS = YES_AGGRESSIVE;
				GCC_WARN_UNUSED_FUNCTION = YES;
				GCC_WARN_UNUSED_VARIABLE = YES;
				IPHONEOS_DEPLOYMENT_TARGET = 12.2;
				MTL_ENABLE_DEBUG_INFO = INCLUDE_SOURCE;
				MTL_FAST_MATH = YES;
				ONLY_ACTIVE_ARCH = YES;
				SDKROOT = iphoneos;
				SWIFT_ACTIVE_COMPILATION_CONDITIONS = DEBUG;
				SWIFT_OPTIMIZATION_LEVEL = "-Onone";
			};
			name = Debug;
		};
		3F801F41227C245E00A14AE7 /* Release */ = {
			isa = XCBuildConfiguration;
			buildSettings = {
				ALWAYS_SEARCH_USER_PATHS = NO;
				CLANG_ANALYZER_NONNULL = YES;
				CLANG_ANALYZER_NUMBER_OBJECT_CONVERSION = YES_AGGRESSIVE;
				CLANG_CXX_LANGUAGE_STANDARD = "gnu++14";
				CLANG_CXX_LIBRARY = "libc++";
				CLANG_ENABLE_MODULES = YES;
				CLANG_ENABLE_OBJC_ARC = YES;
				CLANG_ENABLE_OBJC_WEAK = YES;
				CLANG_WARN_BLOCK_CAPTURE_AUTORELEASING = YES;
				CLANG_WARN_BOOL_CONVERSION = YES;
				CLANG_WARN_COMMA = YES;
				CLANG_WARN_CONSTANT_CONVERSION = YES;
				CLANG_WARN_DEPRECATED_OBJC_IMPLEMENTATIONS = YES;
				CLANG_WARN_DIRECT_OBJC_ISA_USAGE = YES_ERROR;
				CLANG_WARN_DOCUMENTATION_COMMENTS = YES;
				CLANG_WARN_EMPTY_BODY = YES;
				CLANG_WARN_ENUM_CONVERSION = YES;
				CLANG_WARN_INFINITE_RECURSION = YES;
				CLANG_WARN_INT_CONVERSION = YES;
				CLANG_WARN_NON_LITERAL_NULL_CONVERSION = YES;
				CLANG_WARN_OBJC_IMPLICIT_RETAIN_SELF = YES;
				CLANG_WARN_OBJC_LITERAL_CONVERSION = YES;
				CLANG_WARN_OBJC_ROOT_CLASS = YES_ERROR;
				CLANG_WARN_RANGE_LOOP_ANALYSIS = YES;
				CLANG_WARN_STRICT_PROTOTYPES = YES;
				CLANG_WARN_SUSPICIOUS_MOVE = YES;
				CLANG_WARN_UNGUARDED_AVAILABILITY = YES_AGGRESSIVE;
				CLANG_WARN_UNREACHABLE_CODE = YES;
				CLANG_WARN__DUPLICATE_METHOD_MATCH = YES;
				CODE_SIGN_IDENTITY = "iPhone Developer";
				COPY_PHASE_STRIP = NO;
				DEBUG_INFORMATION_FORMAT = "dwarf-with-dsym";
				ENABLE_NS_ASSERTIONS = NO;
				ENABLE_STRICT_OBJC_MSGSEND = YES;
				GCC_C_LANGUAGE_STANDARD = gnu11;
				GCC_NO_COMMON_BLOCKS = YES;
				GCC_WARN_64_TO_32_BIT_CONVERSION = YES;
				GCC_WARN_ABOUT_RETURN_TYPE = YES_ERROR;
				GCC_WARN_UNDECLARED_SELECTOR = YES;
				GCC_WARN_UNINITIALIZED_AUTOS = YES_AGGRESSIVE;
				GCC_WARN_UNUSED_FUNCTION = YES;
				GCC_WARN_UNUSED_VARIABLE = YES;
				IPHONEOS_DEPLOYMENT_TARGET = 12.2;
				MTL_ENABLE_DEBUG_INFO = NO;
				MTL_FAST_MATH = YES;
				SDKROOT = iphoneos;
				SWIFT_COMPILATION_MODE = wholemodule;
				SWIFT_OPTIMIZATION_LEVEL = "-O";
				VALIDATE_PRODUCT = YES;
			};
			name = Release;
		};
		3F801F43227C245E00A14AE7 /* Debug */ = {
			isa = XCBuildConfiguration;
			buildSettings = {
				ASSETCATALOG_COMPILER_APPICON_NAME = AppIcon;
				CODE_SIGN_STYLE = Automatic;
				DEVELOPMENT_TEAM = HKKP7Y8T7D;
				INFOPLIST_FILE = Recorder/Info.plist;
				LD_RUNPATH_SEARCH_PATHS = (
					"$(inherited)",
					"@executable_path/Frameworks",
				);
				PRODUCT_BUNDLE_IDENTIFIER = com.kea.Recorder;
				PRODUCT_NAME = "$(TARGET_NAME)";
				SWIFT_VERSION = 5.0;
				TARGETED_DEVICE_FAMILY = "1,2";
			};
			name = Debug;
		};
		3F801F44227C245E00A14AE7 /* Release */ = {
			isa = XCBuildConfiguration;
			buildSettings = {
				ASSETCATALOG_COMPILER_APPICON_NAME = AppIcon;
				CODE_SIGN_STYLE = Automatic;
				DEVELOPMENT_TEAM = HKKP7Y8T7D;
				INFOPLIST_FILE = Recorder/Info.plist;
				LD_RUNPATH_SEARCH_PATHS = (
					"$(inherited)",
					"@executable_path/Frameworks",
				);
				PRODUCT_BUNDLE_IDENTIFIER = com.kea.Recorder;
				PRODUCT_NAME = "$(TARGET_NAME)";
				SWIFT_VERSION = 5.0;
				TARGETED_DEVICE_FAMILY = "1,2";
			};
			name = Release;
		};
		3F801F46227C245E00A14AE7 /* Debug */ = {
			isa = XCBuildConfiguration;
			buildSettings = {
				ALWAYS_EMBED_SWIFT_STANDARD_LIBRARIES = YES;
				BUNDLE_LOADER = "$(TEST_HOST)";
				CODE_SIGN_STYLE = Automatic;
				DEVELOPMENT_TEAM = HKKP7Y8T7D;
				INFOPLIST_FILE = RecorderTests/Info.plist;
				LD_RUNPATH_SEARCH_PATHS = (
					"$(inherited)",
					"@executable_path/Frameworks",
					"@loader_path/Frameworks",
				);
				PRODUCT_BUNDLE_IDENTIFIER = com.kea.RecorderTests;
				PRODUCT_NAME = "$(TARGET_NAME)";
				SWIFT_VERSION = 5.0;
				TARGETED_DEVICE_FAMILY = "1,2";
				TEST_HOST = "$(BUILT_PRODUCTS_DIR)/Recorder.app/Recorder";
			};
			name = Debug;
		};
		3F801F47227C245E00A14AE7 /* Release */ = {
			isa = XCBuildConfiguration;
			buildSettings = {
				ALWAYS_EMBED_SWIFT_STANDARD_LIBRARIES = YES;
				BUNDLE_LOADER = "$(TEST_HOST)";
				CODE_SIGN_STYLE = Automatic;
				DEVELOPMENT_TEAM = HKKP7Y8T7D;
				INFOPLIST_FILE = RecorderTests/Info.plist;
				LD_RUNPATH_SEARCH_PATHS = (
					"$(inherited)",
					"@executable_path/Frameworks",
					"@loader_path/Frameworks",
				);
				PRODUCT_BUNDLE_IDENTIFIER = com.kea.RecorderTests;
				PRODUCT_NAME = "$(TARGET_NAME)";
				SWIFT_VERSION = 5.0;
				TARGETED_DEVICE_FAMILY = "1,2";
				TEST_HOST = "$(BUILT_PRODUCTS_DIR)/Recorder.app/Recorder";
			};
			name = Release;
		};
		3F801F49227C245E00A14AE7 /* Debug */ = {
			isa = XCBuildConfiguration;
			buildSettings = {
				ALWAYS_EMBED_SWIFT_STANDARD_LIBRARIES = YES;
				CODE_SIGN_STYLE = Automatic;
				DEVELOPMENT_TEAM = HKKP7Y8T7D;
				INFOPLIST_FILE = RecorderUITests/Info.plist;
				LD_RUNPATH_SEARCH_PATHS = (
					"$(inherited)",
					"@executable_path/Frameworks",
					"@loader_path/Frameworks",
				);
				PRODUCT_BUNDLE_IDENTIFIER = com.kea.RecorderUITests;
				PRODUCT_NAME = "$(TARGET_NAME)";
				SWIFT_VERSION = 5.0;
				TARGETED_DEVICE_FAMILY = "1,2";
				TEST_TARGET_NAME = Recorder;
			};
			name = Debug;
		};
		3F801F4A227C245E00A14AE7 /* Release */ = {
			isa = XCBuildConfiguration;
			buildSettings = {
				ALWAYS_EMBED_SWIFT_STANDARD_LIBRARIES = YES;
				CODE_SIGN_STYLE = Automatic;
				DEVELOPMENT_TEAM = HKKP7Y8T7D;
				INFOPLIST_FILE = RecorderUITests/Info.plist;
				LD_RUNPATH_SEARCH_PATHS = (
					"$(inherited)",
					"@executable_path/Frameworks",
					"@loader_path/Frameworks",
				);
				PRODUCT_BUNDLE_IDENTIFIER = com.kea.RecorderUITests;
				PRODUCT_NAME = "$(TARGET_NAME)";
				SWIFT_VERSION = 5.0;
				TARGETED_DEVICE_FAMILY = "1,2";
				TEST_TARGET_NAME = Recorder;
			};
			name = Release;
		};
/* End XCBuildConfiguration section */

/* Begin XCConfigurationList section */
		3F801F15227C245A00A14AE7 /* Build configuration list for PBXProject "Recorder" */ = {
			isa = XCConfigurationList;
			buildConfigurations = (
				3F801F40227C245E00A14AE7 /* Debug */,
				3F801F41227C245E00A14AE7 /* Release */,
			);
			defaultConfigurationIsVisible = 0;
			defaultConfigurationName = Release;
		};
		3F801F42227C245E00A14AE7 /* Build configuration list for PBXNativeTarget "Recorder" */ = {
			isa = XCConfigurationList;
			buildConfigurations = (
				3F801F43227C245E00A14AE7 /* Debug */,
				3F801F44227C245E00A14AE7 /* Release */,
			);
			defaultConfigurationIsVisible = 0;
			defaultConfigurationName = Release;
		};
		3F801F45227C245E00A14AE7 /* Build configuration list for PBXNativeTarget "RecorderTests" */ = {
			isa = XCConfigurationList;
			buildConfigurations = (
				3F801F46227C245E00A14AE7 /* Debug */,
				3F801F47227C245E00A14AE7 /* Release */,
			);
			defaultConfigurationIsVisible = 0;
			defaultConfigurationName = Release;
		};
		3F801F48227C245E00A14AE7 /* Build configuration list for PBXNativeTarget "RecorderUITests" */ = {
			isa = XCConfigurationList;
			buildConfigurations = (
				3F801F49227C245E00A14AE7 /* Debug */,
				3F801F4A227C245E00A14AE7 /* Release */,
			);
			defaultConfigurationIsVisible = 0;
			defaultConfigurationName = Release;
		};
/* End XCConfigurationList section */
	};
	rootObject = 3F801F12227C245A00A14AE7 /* Project object */;
}
