// !$*UTF8*$!
{
	archiveVersion = 1;
	classes = {
	};
	objectVersion = 50;
	objects = {

/* Begin PBXBuildFile section */
		3F801F9A2281BA8700A14AE7 /* AppDelegate.swift in Sources */ = {isa = PBXBuildFile; fileRef = 3F801F992281BA8700A14AE7 /* AppDelegate.swift */; };
		3F801F9C2281BA8700A14AE7 /* ViewController.swift in Sources */ = {isa = PBXBuildFile; fileRef = 3F801F9B2281BA8700A14AE7 /* ViewController.swift */; };
		3F801F9F2281BA8700A14AE7 /* Main.storyboard in Resources */ = {isa = PBXBuildFile; fileRef = 3F801F9D2281BA8700A14AE7 /* Main.storyboard */; };
		3F801FA12281BA8A00A14AE7 /* Assets.xcassets in Resources */ = {isa = PBXBuildFile; fileRef = 3F801FA02281BA8A00A14AE7 /* Assets.xcassets */; };
		3F801FA42281BA8A00A14AE7 /* LaunchScreen.storyboard in Resources */ = {isa = PBXBuildFile; fileRef = 3F801FA22281BA8A00A14AE7 /* LaunchScreen.storyboard */; };
		3F801FAF2281BA8B00A14AE7 /* MusuemARDemoTests.swift in Sources */ = {isa = PBXBuildFile; fileRef = 3F801FAE2281BA8B00A14AE7 /* MusuemARDemoTests.swift */; };
		3F801FBA2281BA8B00A14AE7 /* MusuemARDemoUITests.swift in Sources */ = {isa = PBXBuildFile; fileRef = 3F801FB92281BA8B00A14AE7 /* MusuemARDemoUITests.swift */; };
		3F801FC82281C21B00A14AE7 /* MyScene.sks in Resources */ = {isa = PBXBuildFile; fileRef = 3F801FC72281C21B00A14AE7 /* MyScene.sks */; };
/* End PBXBuildFile section */

/* Begin PBXContainerItemProxy section */
		3F801FAB2281BA8B00A14AE7 /* PBXContainerItemProxy */ = {
			isa = PBXContainerItemProxy;
			containerPortal = 3F801F8E2281BA8700A14AE7 /* Project object */;
			proxyType = 1;
			remoteGlobalIDString = 3F801F952281BA8700A14AE7;
			remoteInfo = MusuemARDemo;
		};
		3F801FB62281BA8B00A14AE7 /* PBXContainerItemProxy */ = {
			isa = PBXContainerItemProxy;
			containerPortal = 3F801F8E2281BA8700A14AE7 /* Project object */;
			proxyType = 1;
			remoteGlobalIDString = 3F801F952281BA8700A14AE7;
			remoteInfo = MusuemARDemo;
		};
/* End PBXContainerItemProxy section */

/* Begin PBXFileReference section */
		3F801F962281BA8700A14AE7 /* MusuemARDemo.app */ = {isa = PBXFileReference; explicitFileType = wrapper.application; includeInIndex = 0; path = MusuemARDemo.app; sourceTree = BUILT_PRODUCTS_DIR; };
		3F801F992281BA8700A14AE7 /* AppDelegate.swift */ = {isa = PBXFileReference; lastKnownFileType = sourcecode.swift; path = AppDelegate.swift; sourceTree = "<group>"; };
		3F801F9B2281BA8700A14AE7 /* ViewController.swift */ = {isa = PBXFileReference; lastKnownFileType = sourcecode.swift; path = ViewController.swift; sourceTree = "<group>"; };
		3F801F9E2281BA8700A14AE7 /* Base */ = {isa = PBXFileReference; lastKnownFileType = file.storyboard; name = Base; path = Base.lproj/Main.storyboard; sourceTree = "<group>"; };
		3F801FA02281BA8A00A14AE7 /* Assets.xcassets */ = {isa = PBXFileReference; lastKnownFileType = folder.assetcatalog; path = Assets.xcassets; sourceTree = "<group>"; };
		3F801FA32281BA8A00A14AE7 /* Base */ = {isa = PBXFileReference; lastKnownFileType = file.storyboard; name = Base; path = Base.lproj/LaunchScreen.storyboard; sourceTree = "<group>"; };
		3F801FA52281BA8A00A14AE7 /* Info.plist */ = {isa = PBXFileReference; lastKnownFileType = text.plist.xml; path = Info.plist; sourceTree = "<group>"; };
		3F801FAA2281BA8B00A14AE7 /* MusuemARDemoTests.xctest */ = {isa = PBXFileReference; explicitFileType = wrapper.cfbundle; includeInIndex = 0; path = MusuemARDemoTests.xctest; sourceTree = BUILT_PRODUCTS_DIR; };
		3F801FAE2281BA8B00A14AE7 /* MusuemARDemoTests.swift */ = {isa = PBXFileReference; lastKnownFileType = sourcecode.swift; path = MusuemARDemoTests.swift; sourceTree = "<group>"; };
		3F801FB02281BA8B00A14AE7 /* Info.plist */ = {isa = PBXFileReference; lastKnownFileType = text.plist.xml; path = Info.plist; sourceTree = "<group>"; };
		3F801FB52281BA8B00A14AE7 /* MusuemARDemoUITests.xctest */ = {isa = PBXFileReference; explicitFileType = wrapper.cfbundle; includeInIndex = 0; path = MusuemARDemoUITests.xctest; sourceTree = BUILT_PRODUCTS_DIR; };
		3F801FB92281BA8B00A14AE7 /* MusuemARDemoUITests.swift */ = {isa = PBXFileReference; lastKnownFileType = sourcecode.swift; path = MusuemARDemoUITests.swift; sourceTree = "<group>"; };
		3F801FBB2281BA8B00A14AE7 /* Info.plist */ = {isa = PBXFileReference; lastKnownFileType = text.plist.xml; path = Info.plist; sourceTree = "<group>"; };
		3F801FC72281C21B00A14AE7 /* MyScene.sks */ = {isa = PBXFileReference; lastKnownFileType = file.sks; path = MyScene.sks; sourceTree = "<group>"; };
/* End PBXFileReference section */

/* Begin PBXFrameworksBuildPhase section */
		3F801F932281BA8700A14AE7 /* Frameworks */ = {
			isa = PBXFrameworksBuildPhase;
			buildActionMask = 2147483647;
			files = (
			);
			runOnlyForDeploymentPostprocessing = 0;
		};
		3F801FA72281BA8B00A14AE7 /* Frameworks */ = {
			isa = PBXFrameworksBuildPhase;
			buildActionMask = 2147483647;
			files = (
			);
			runOnlyForDeploymentPostprocessing = 0;
		};
		3F801FB22281BA8B00A14AE7 /* Frameworks */ = {
			isa = PBXFrameworksBuildPhase;
			buildActionMask = 2147483647;
			files = (
			);
			runOnlyForDeploymentPostprocessing = 0;
		};
/* End PBXFrameworksBuildPhase section */

/* Begin PBXGroup section */
		3F801F8D2281BA8700A14AE7 = {
			isa = PBXGroup;
			children = (
				3F801F982281BA8700A14AE7 /* MusuemARDemo */,
				3F801FAD2281BA8B00A14AE7 /* MusuemARDemoTests */,
				3F801FB82281BA8B00A14AE7 /* MusuemARDemoUITests */,
				3F801F972281BA8700A14AE7 /* Products */,
			);
			sourceTree = "<group>";
		};
		3F801F972281BA8700A14AE7 /* Products */ = {
			isa = PBXGroup;
			children = (
				3F801F962281BA8700A14AE7 /* MusuemARDemo.app */,
				3F801FAA2281BA8B00A14AE7 /* MusuemARDemoTests.xctest */,
				3F801FB52281BA8B00A14AE7 /* MusuemARDemoUITests.xctest */,
			);
			name = Products;
			sourceTree = "<group>";
		};
		3F801F982281BA8700A14AE7 /* MusuemARDemo */ = {
			isa = PBXGroup;
			children = (
				3F801F992281BA8700A14AE7 /* AppDelegate.swift */,
				3F801F9B2281BA8700A14AE7 /* ViewController.swift */,
				3F801FC72281C21B00A14AE7 /* MyScene.sks */,
				3F801F9D2281BA8700A14AE7 /* Main.storyboard */,
				3F801FA02281BA8A00A14AE7 /* Assets.xcassets */,
				3F801FA22281BA8A00A14AE7 /* LaunchScreen.storyboard */,
				3F801FA52281BA8A00A14AE7 /* Info.plist */,
			);
			path = MusuemARDemo;
			sourceTree = "<group>";
		};
		3F801FAD2281BA8B00A14AE7 /* MusuemARDemoTests */ = {
			isa = PBXGroup;
			children = (
				3F801FAE2281BA8B00A14AE7 /* MusuemARDemoTests.swift */,
				3F801FB02281BA8B00A14AE7 /* Info.plist */,
			);
			path = MusuemARDemoTests;
			sourceTree = "<group>";
		};
		3F801FB82281BA8B00A14AE7 /* MusuemARDemoUITests */ = {
			isa = PBXGroup;
			children = (
				3F801FB92281BA8B00A14AE7 /* MusuemARDemoUITests.swift */,
				3F801FBB2281BA8B00A14AE7 /* Info.plist */,
			);
			path = MusuemARDemoUITests;
			sourceTree = "<group>";
		};
/* End PBXGroup section */

/* Begin PBXNativeTarget section */
		3F801F952281BA8700A14AE7 /* MusuemARDemo */ = {
			isa = PBXNativeTarget;
			buildConfigurationList = 3F801FBE2281BA8B00A14AE7 /* Build configuration list for PBXNativeTarget "MusuemARDemo" */;
			buildPhases = (
				3F801F922281BA8700A14AE7 /* Sources */,
				3F801F932281BA8700A14AE7 /* Frameworks */,
				3F801F942281BA8700A14AE7 /* Resources */,
			);
			buildRules = (
			);
			dependencies = (
			);
			name = MusuemARDemo;
			productName = MusuemARDemo;
			productReference = 3F801F962281BA8700A14AE7 /* MusuemARDemo.app */;
			productType = "com.apple.product-type.application";
		};
		3F801FA92281BA8B00A14AE7 /* MusuemARDemoTests */ = {
			isa = PBXNativeTarget;
			buildConfigurationList = 3F801FC12281BA8B00A14AE7 /* Build configuration list for PBXNativeTarget "MusuemARDemoTests" */;
			buildPhases = (
				3F801FA62281BA8B00A14AE7 /* Sources */,
				3F801FA72281BA8B00A14AE7 /* Frameworks */,
				3F801FA82281BA8B00A14AE7 /* Resources */,
			);
			buildRules = (
			);
			dependencies = (
				3F801FAC2281BA8B00A14AE7 /* PBXTargetDependency */,
			);
			name = MusuemARDemoTests;
			productName = MusuemARDemoTests;
			productReference = 3F801FAA2281BA8B00A14AE7 /* MusuemARDemoTests.xctest */;
			productType = "com.apple.product-type.bundle.unit-test";
		};
		3F801FB42281BA8B00A14AE7 /* MusuemARDemoUITests */ = {
			isa = PBXNativeTarget;
			buildConfigurationList = 3F801FC42281BA8B00A14AE7 /* Build configuration list for PBXNativeTarget "MusuemARDemoUITests" */;
			buildPhases = (
				3F801FB12281BA8B00A14AE7 /* Sources */,
				3F801FB22281BA8B00A14AE7 /* Frameworks */,
				3F801FB32281BA8B00A14AE7 /* Resources */,
			);
			buildRules = (
			);
			dependencies = (
				3F801FB72281BA8B00A14AE7 /* PBXTargetDependency */,
			);
			name = MusuemARDemoUITests;
			productName = MusuemARDemoUITests;
			productReference = 3F801FB52281BA8B00A14AE7 /* MusuemARDemoUITests.xctest */;
			productType = "com.apple.product-type.bundle.ui-testing";
		};
/* End PBXNativeTarget section */

/* Begin PBXProject section */
		3F801F8E2281BA8700A14AE7 /* Project object */ = {
			isa = PBXProject;
			attributes = {
				LastSwiftUpdateCheck = 1020;
				LastUpgradeCheck = 1020;
				ORGANIZATIONNAME = "muddi hejjo";
				TargetAttributes = {
					3F801F952281BA8700A14AE7 = {
						CreatedOnToolsVersion = 10.2;
					};
					3F801FA92281BA8B00A14AE7 = {
						CreatedOnToolsVersion = 10.2;
						TestTargetID = 3F801F952281BA8700A14AE7;
					};
					3F801FB42281BA8B00A14AE7 = {
						CreatedOnToolsVersion = 10.2;
						TestTargetID = 3F801F952281BA8700A14AE7;
					};
				};
			};
			buildConfigurationList = 3F801F912281BA8700A14AE7 /* Build configuration list for PBXProject "MusuemARDemo" */;
			compatibilityVersion = "Xcode 9.3";
			developmentRegion = en;
			hasScannedForEncodings = 0;
			knownRegions = (
				en,
				Base,
			);
			mainGroup = 3F801F8D2281BA8700A14AE7;
			productRefGroup = 3F801F972281BA8700A14AE7 /* Products */;
			projectDirPath = "";
			projectRoot = "";
			targets = (
				3F801F952281BA8700A14AE7 /* MusuemARDemo */,
				3F801FA92281BA8B00A14AE7 /* MusuemARDemoTests */,
				3F801FB42281BA8B00A14AE7 /* MusuemARDemoUITests */,
			);
		};
/* End PBXProject section */

/* Begin PBXResourcesBuildPhase section */
		3F801F942281BA8700A14AE7 /* Resources */ = {
			isa = PBXResourcesBuildPhase;
			buildActionMask = 2147483647;
			files = (
				3F801FA42281BA8A00A14AE7 /* LaunchScreen.storyboard in Resources */,
				3F801FA12281BA8A00A14AE7 /* Assets.xcassets in Resources */,
				3F801FC82281C21B00A14AE7 /* MyScene.sks in Resources */,
				3F801F9F2281BA8700A14AE7 /* Main.storyboard in Resources */,
			);
			runOnlyForDeploymentPostprocessing = 0;
		};
		3F801FA82281BA8B00A14AE7 /* Resources */ = {
			isa = PBXResourcesBuildPhase;
			buildActionMask = 2147483647;
			files = (
			);
			runOnlyForDeploymentPostprocessing = 0;
		};
		3F801FB32281BA8B00A14AE7 /* Resources */ = {
			isa = PBXResourcesBuildPhase;
			buildActionMask = 2147483647;
			files = (
			);
			runOnlyForDeploymentPostprocessing = 0;
		};
/* End PBXResourcesBuildPhase section */

/* Begin PBXSourcesBuildPhase section */
		3F801F922281BA8700A14AE7 /* Sources */ = {
			isa = PBXSourcesBuildPhase;
			buildActionMask = 2147483647;
			files = (
				3F801F9C2281BA8700A14AE7 /* ViewController.swift in Sources */,
				3F801F9A2281BA8700A14AE7 /* AppDelegate.swift in Sources */,
			);
			runOnlyForDeploymentPostprocessing = 0;
		};
		3F801FA62281BA8B00A14AE7 /* Sources */ = {
			isa = PBXSourcesBuildPhase;
			buildActionMask = 2147483647;
			files = (
				3F801FAF2281BA8B00A14AE7 /* MusuemARDemoTests.swift in Sources */,
			);
			runOnlyForDeploymentPostprocessing = 0;
		};
		3F801FB12281BA8B00A14AE7 /* Sources */ = {
			isa = PBXSourcesBuildPhase;
			buildActionMask = 2147483647;
			files = (
				3F801FBA2281BA8B00A14AE7 /* MusuemARDemoUITests.swift in Sources */,
			);
			runOnlyForDeploymentPostprocessing = 0;
		};
/* End PBXSourcesBuildPhase section */

/* Begin PBXTargetDependency section */
		3F801FAC2281BA8B00A14AE7 /* PBXTargetDependency */ = {
			isa = PBXTargetDependency;
			target = 3F801F952281BA8700A14AE7 /* MusuemARDemo */;
			targetProxy = 3F801FAB2281BA8B00A14AE7 /* PBXContainerItemProxy */;
		};
		3F801FB72281BA8B00A14AE7 /* PBXTargetDependency */ = {
			isa = PBXTargetDependency;
			target = 3F801F952281BA8700A14AE7 /* MusuemARDemo */;
			targetProxy = 3F801FB62281BA8B00A14AE7 /* PBXContainerItemProxy */;
		};
/* End PBXTargetDependency section */

/* Begin PBXVariantGroup section */
		3F801F9D2281BA8700A14AE7 /* Main.storyboard */ = {
			isa = PBXVariantGroup;
			children = (
				3F801F9E2281BA8700A14AE7 /* Base */,
			);
			name = Main.storyboard;
			sourceTree = "<group>";
		};
		3F801FA22281BA8A00A14AE7 /* LaunchScreen.storyboard */ = {
			isa = PBXVariantGroup;
			children = (
				3F801FA32281BA8A00A14AE7 /* Base */,
			);
			name = LaunchScreen.storyboard;
			sourceTree = "<group>";
		};
/* End PBXVariantGroup section */

/* Begin XCBuildConfiguration section */
		3F801FBC2281BA8B00A14AE7 /* Debug */ = {
			isa = XCBuildConfiguration;
			buildSettings = {
				ALWAYS_SEARCH_USER_PATHS = NO;
				CLANG_ANALYZER_NONNULL = YES;
				CLANG_ANALYZER_NUMBER_OBJECT_CONVERSION = YES_AGGRESSIVE;
				CLANG_CXX_LANGUAGE_STANDARD = "gnu++14";
				CLANG_CXX_LIBRARY = "libc++";
				CLANG_ENABLE_MODULES = YES;
				CLANG_ENABLE_OBJC_ARC = YES;
				CLANG_ENABLE_OBJC_WEAK = YES;
				CLANG_WARN_BLOCK_CAPTURE_AUTORELEASING = YES;
				CLANG_WARN_BOOL_CONVERSION = YES;
				CLANG_WARN_COMMA = YES;
				CLANG_WARN_CONSTANT_CONVERSION = YES;
				CLANG_WARN_DEPRECATED_OBJC_IMPLEMENTATIONS = YES;
				CLANG_WARN_DIRECT_OBJC_ISA_USAGE = YES_ERROR;
				CLANG_WARN_DOCUMENTATION_COMMENTS = YES;
				CLANG_WARN_EMPTY_BODY = YES;
				CLANG_WARN_ENUM_CONVERSION = YES;
				CLANG_WARN_INFINITE_RECURSION = YES;
				CLANG_WARN_INT_CONVERSION = YES;
				CLANG_WARN_NON_LITERAL_NULL_CONVERSION = YES;
				CLANG_WARN_OBJC_IMPLICIT_RETAIN_SELF = YES;
				CLANG_WARN_OBJC_LITERAL_CONVERSION = YES;
				CLANG_WARN_OBJC_ROOT_CLASS = YES_ERROR;
				CLANG_WARN_RANGE_LOOP_ANALYSIS = YES;
				CLANG_WARN_STRICT_PROTOTYPES = YES;
				CLANG_WARN_SUSPICIOUS_MOVE = YES;
				CLANG_WARN_UNGUARDED_AVAILABILITY = YES_AGGRESSIVE;
				CLANG_WARN_UNREACHABLE_CODE = YES;
				CLANG_WARN__DUPLICATE_METHOD_MATCH = YES;
				CODE_SIGN_IDENTITY = "iPhone Developer";
				COPY_PHASE_STRIP = NO;
				DEBUG_INFORMATION_FORMAT = dwarf;
				ENABLE_STRICT_OBJC_MSGSEND = YES;
				ENABLE_TESTABILITY = YES;
				GCC_C_LANGUAGE_STANDARD = gnu11;
				GCC_DYNAMIC_NO_PIC = NO;
				GCC_NO_COMMON_BLOCKS = YES;
				GCC_OPTIMIZATION_LEVEL = 0;
				GCC_PREPROCESSOR_DEFINITIONS = (
					"DEBUG=1",
					"$(inherited)",
				);
				GCC_WARN_64_TO_32_BIT_CONVERSION = YES;
				GCC_WARN_ABOUT_RETURN_TYPE = YES_ERROR;
				GCC_WARN_UNDECLARED_SELECTOR = YES;
				GCC_WARN_UNINITIALIZED_AUTOS = YES_AGGRESSIVE;
				GCC_WARN_UNUSED_FUNCTION = YES;
				GCC_WARN_UNUSED_VARIABLE = YES;
				IPHONEOS_DEPLOYMENT_TARGET = 12.2;
				MTL_ENABLE_DEBUG_INFO = INCLUDE_SOURCE;
				MTL_FAST_MATH = YES;
				ONLY_ACTIVE_ARCH = YES;
				SDKROOT = iphoneos;
				SWIFT_ACTIVE_COMPILATION_CONDITIONS = DEBUG;
				SWIFT_OPTIMIZATION_LEVEL = "-Onone";
			};
			name = Debug;
		};
		3F801FBD2281BA8B00A14AE7 /* Release */ = {
			isa = XCBuildConfiguration;
			buildSettings = {
				ALWAYS_SEARCH_USER_PATHS = NO;
				CLANG_ANALYZER_NONNULL = YES;
				CLANG_ANALYZER_NUMBER_OBJECT_CONVERSION = YES_AGGRESSIVE;
				CLANG_CXX_LANGUAGE_STANDARD = "gnu++14";
				CLANG_CXX_LIBRARY = "libc++";
				CLANG_ENABLE_MODULES = YES;
				CLANG_ENABLE_OBJC_ARC = YES;
				CLANG_ENABLE_OBJC_WEAK = YES;
				CLANG_WARN_BLOCK_CAPTURE_AUTORELEASING = YES;
				CLANG_WARN_BOOL_CONVERSION = YES;
				CLANG_WARN_COMMA = YES;
				CLANG_WARN_CONSTANT_CONVERSION = YES;
				CLANG_WARN_DEPRECATED_OBJC_IMPLEMENTATIONS = YES;
				CLANG_WARN_DIRECT_OBJC_ISA_USAGE = YES_ERROR;
				CLANG_WARN_DOCUMENTATION_COMMENTS = YES;
				CLANG_WARN_EMPTY_BODY = YES;
				CLANG_WARN_ENUM_CONVERSION = YES;
				CLANG_WARN_INFINITE_RECURSION = YES;
				CLANG_WARN_INT_CONVERSION = YES;
				CLANG_WARN_NON_LITERAL_NULL_CONVERSION = YES;
				CLANG_WARN_OBJC_IMPLICIT_RETAIN_SELF = YES;
				CLANG_WARN_OBJC_LITERAL_CONVERSION = YES;
				CLANG_WARN_OBJC_ROOT_CLASS = YES_ERROR;
				CLANG_WARN_RANGE_LOOP_ANALYSIS = YES;
				CLANG_WARN_STRICT_PROTOTYPES = YES;
				CLANG_WARN_SUSPICIOUS_MOVE = YES;
				CLANG_WARN_UNGUARDED_AVAILABILITY = YES_AGGRESSIVE;
				CLANG_WARN_UNREACHABLE_CODE = YES;
				CLANG_WARN__DUPLICATE_METHOD_MATCH = YES;
				CODE_SIGN_IDENTITY = "iPhone Developer";
				COPY_PHASE_STRIP = NO;
				DEBUG_INFORMATION_FORMAT = "dwarf-with-dsym";
				ENABLE_NS_ASSERTIONS = NO;
				ENABLE_STRICT_OBJC_MSGSEND = YES;
				GCC_C_LANGUAGE_STANDARD = gnu11;
				GCC_NO_COMMON_BLOCKS = YES;
				GCC_WARN_64_TO_32_BIT_CONVERSION = YES;
				GCC_WARN_ABOUT_RETURN_TYPE = YES_ERROR;
				GCC_WARN_UNDECLARED_SELECTOR = YES;
				GCC_WARN_UNINITIALIZED_AUTOS = YES_AGGRESSIVE;
				GCC_WARN_UNUSED_FUNCTION = YES;
				GCC_WARN_UNUSED_VARIABLE = YES;
				IPHONEOS_DEPLOYMENT_TARGET = 12.2;
				MTL_ENABLE_DEBUG_INFO = NO;
				MTL_FAST_MATH = YES;
				SDKROOT = iphoneos;
				SWIFT_COMPILATION_MODE = wholemodule;
				SWIFT_OPTIMIZATION_LEVEL = "-O";
				VALIDATE_PRODUCT = YES;
			};
			name = Release;
		};
		3F801FBF2281BA8B00A14AE7 /* Debug */ = {
			isa = XCBuildConfiguration;
			buildSettings = {
				ASSETCATALOG_COMPILER_APPICON_NAME = AppIcon;
				CODE_SIGN_STYLE = Automatic;
				DEVELOPMENT_TEAM = HKKP7Y8T7D;
				INFOPLIST_FILE = MusuemARDemo/Info.plist;
				LD_RUNPATH_SEARCH_PATHS = (
					"$(inherited)",
					"@executable_path/Frameworks",
				);
				PRODUCT_BUNDLE_IDENTIFIER = com.kea.CustomTableViewCell;
				PRODUCT_NAME = "$(TARGET_NAME)";
				SWIFT_VERSION = 5.0;
				TARGETED_DEVICE_FAMILY = "1,2";
			};
			name = Debug;
		};
		3F801FC02281BA8B00A14AE7 /* Release */ = {
			isa = XCBuildConfiguration;
			buildSettings = {
				ASSETCATALOG_COMPILER_APPICON_NAME = AppIcon;
				CODE_SIGN_STYLE = Automatic;
				DEVELOPMENT_TEAM = HKKP7Y8T7D;
				INFOPLIST_FILE = MusuemARDemo/Info.plist;
				LD_RUNPATH_SEARCH_PATHS = (
					"$(inherited)",
					"@executable_path/Frameworks",
				);
				PRODUCT_BUNDLE_IDENTIFIER = com.kea.CustomTableViewCell;
				PRODUCT_NAME = "$(TARGET_NAME)";
				SWIFT_VERSION = 5.0;
				TARGETED_DEVICE_FAMILY = "1,2";
			};
			name = Release;
		};
		3F801FC22281BA8B00A14AE7 /* Debug */ = {
			isa = XCBuildConfiguration;
			buildSettings = {
				ALWAYS_EMBED_SWIFT_STANDARD_LIBRARIES = YES;
				BUNDLE_LOADER = "$(TEST_HOST)";
				CODE_SIGN_STYLE = Automatic;
				DEVELOPMENT_TEAM = HKKP7Y8T7D;
				INFOPLIST_FILE = MusuemARDemoTests/Info.plist;
				LD_RUNPATH_SEARCH_PATHS = (
					"$(inherited)",
					"@executable_path/Frameworks",
					"@loader_path/Frameworks",
				);
				PRODUCT_BUNDLE_IDENTIFIER = com.kea.MusuemARDemoTests;
				PRODUCT_NAME = "$(TARGET_NAME)";
				SWIFT_VERSION = 5.0;
				TARGETED_DEVICE_FAMILY = "1,2";
				TEST_HOST = "$(BUILT_PRODUCTS_DIR)/MusuemARDemo.app/MusuemARDemo";
			};
			name = Debug;
		};
		3F801FC32281BA8B00A14AE7 /* Release */ = {
			isa = XCBuildConfiguration;
			buildSettings = {
				ALWAYS_EMBED_SWIFT_STANDARD_LIBRARIES = YES;
				BUNDLE_LOADER = "$(TEST_HOST)";
				CODE_SIGN_STYLE = Automatic;
				DEVELOPMENT_TEAM = HKKP7Y8T7D;
				INFOPLIST_FILE = MusuemARDemoTests/Info.plist;
				LD_RUNPATH_SEARCH_PATHS = (
					"$(inherited)",
					"@executable_path/Frameworks",
					"@loader_path/Frameworks",
				);
				PRODUCT_BUNDLE_IDENTIFIER = com.kea.MusuemARDemoTests;
				PRODUCT_NAME = "$(TARGET_NAME)";
				SWIFT_VERSION = 5.0;
				TARGETED_DEVICE_FAMILY = "1,2";
				TEST_HOST = "$(BUILT_PRODUCTS_DIR)/MusuemARDemo.app/MusuemARDemo";
			};
			name = Release;
		};
		3F801FC52281BA8B00A14AE7 /* Debug */ = {
			isa = XCBuildConfiguration;
			buildSettings = {
				ALWAYS_EMBED_SWIFT_STANDARD_LIBRARIES = YES;
				CODE_SIGN_STYLE = Automatic;
				DEVELOPMENT_TEAM = HKKP7Y8T7D;
				INFOPLIST_FILE = MusuemARDemoUITests/Info.plist;
				LD_RUNPATH_SEARCH_PATHS = (
					"$(inherited)",
					"@executable_path/Frameworks",
					"@loader_path/Frameworks",
				);
				PRODUCT_BUNDLE_IDENTIFIER = com.kea.MusuemARDemoUITests;
				PRODUCT_NAME = "$(TARGET_NAME)";
				SWIFT_VERSION = 5.0;
				TARGETED_DEVICE_FAMILY = "1,2";
				TEST_TARGET_NAME = MusuemARDemo;
			};
			name = Debug;
		};
		3F801FC62281BA8B00A14AE7 /* Release */ = {
			isa = XCBuildConfiguration;
			buildSettings = {
				ALWAYS_EMBED_SWIFT_STANDARD_LIBRARIES = YES;
				CODE_SIGN_STYLE = Automatic;
				DEVELOPMENT_TEAM = HKKP7Y8T7D;
				INFOPLIST_FILE = MusuemARDemoUITests/Info.plist;
				LD_RUNPATH_SEARCH_PATHS = (
					"$(inherited)",
					"@executable_path/Frameworks",
					"@loader_path/Frameworks",
				);
				PRODUCT_BUNDLE_IDENTIFIER = com.kea.MusuemARDemoUITests;
				PRODUCT_NAME = "$(TARGET_NAME)";
				SWIFT_VERSION = 5.0;
				TARGETED_DEVICE_FAMILY = "1,2";
				TEST_TARGET_NAME = MusuemARDemo;
			};
			name = Release;
		};
/* End XCBuildConfiguration section */

/* Begin XCConfigurationList section */
		3F801F912281BA8700A14AE7 /* Build configuration list for PBXProject "MusuemARDemo" */ = {
			isa = XCConfigurationList;
			buildConfigurations = (
				3F801FBC2281BA8B00A14AE7 /* Debug */,
				3F801FBD2281BA8B00A14AE7 /* Release */,
			);
			defaultConfigurationIsVisible = 0;
			defaultConfigurationName = Release;
		};
		3F801FBE2281BA8B00A14AE7 /* Build configuration list for PBXNativeTarget "MusuemARDemo" */ = {
			isa = XCConfigurationList;
			buildConfigurations = (
				3F801FBF2281BA8B00A14AE7 /* Debug */,
				3F801FC02281BA8B00A14AE7 /* Release */,
			);
			defaultConfigurationIsVisible = 0;
			defaultConfigurationName = Release;
		};
		3F801FC12281BA8B00A14AE7 /* Build configuration list for PBXNativeTarget "MusuemARDemoTests" */ = {
			isa = XCConfigurationList;
			buildConfigurations = (
				3F801FC22281BA8B00A14AE7 /* Debug */,
				3F801FC32281BA8B00A14AE7 /* Release */,
			);
			defaultConfigurationIsVisible = 0;
			defaultConfigurationName = Release;
		};
		3F801FC42281BA8B00A14AE7 /* Build configuration list for PBXNativeTarget "MusuemARDemoUITests" */ = {
			isa = XCConfigurationList;
			buildConfigurations = (
				3F801FC52281BA8B00A14AE7 /* Debug */,
				3F801FC62281BA8B00A14AE7 /* Release */,
			);
			defaultConfigurationIsVisible = 0;
			defaultConfigurationName = Release;
		};
/* End XCConfigurationList section */
	};
	rootObject = 3F801F8E2281BA8700A14AE7 /* Project object */;
}
