// !$*UTF8*$!
{
	archiveVersion = 1;
	classes = {
	};
	objectVersion = 50;
	objects = {

/* Begin PBXBuildFile section */
		3F6B55B02257526100D536F9 /* AppDelegate.swift in Sources */ = {isa = PBXBuildFile; fileRef = 3F6B55AF2257526100D536F9 /* AppDelegate.swift */; };
		3F6B55B22257526100D536F9 /* ViewController.swift in Sources */ = {isa = PBXBuildFile; fileRef = 3F6B55B12257526100D536F9 /* ViewController.swift */; };
		3F6B55B52257526100D536F9 /* Main.storyboard in Resources */ = {isa = PBXBuildFile; fileRef = 3F6B55B32257526100D536F9 /* Main.storyboard */; };
		3F6B55B72257526500D536F9 /* Assets.xcassets in Resources */ = {isa = PBXBuildFile; fileRef = 3F6B55B62257526500D536F9 /* Assets.xcassets */; };
		3F6B55BA2257526500D536F9 /* LaunchScreen.storyboard in Resources */ = {isa = PBXBuildFile; fileRef = 3F6B55B82257526500D536F9 /* LaunchScreen.storyboard */; };
		3F6B55C52257526600D536F9 /* HomeTests.swift in Sources */ = {isa = PBXBuildFile; fileRef = 3F6B55C42257526600D536F9 /* HomeTests.swift */; };
		3F6B55D02257526600D536F9 /* HomeUITests.swift in Sources */ = {isa = PBXBuildFile; fileRef = 3F6B55CF2257526600D536F9 /* HomeUITests.swift */; };
/* End PBXBuildFile section */

/* Begin PBXContainerItemProxy section */
		3F6B55C12257526600D536F9 /* PBXContainerItemProxy */ = {
			isa = PBXContainerItemProxy;
			containerPortal = 3F6B55A42257526100D536F9 /* Project object */;
			proxyType = 1;
			remoteGlobalIDString = 3F6B55AB2257526100D536F9;
			remoteInfo = Home;
		};
		3F6B55CC2257526600D536F9 /* PBXContainerItemProxy */ = {
			isa = PBXContainerItemProxy;
			containerPortal = 3F6B55A42257526100D536F9 /* Project object */;
			proxyType = 1;
			remoteGlobalIDString = 3F6B55AB2257526100D536F9;
			remoteInfo = Home;
		};
/* End PBXContainerItemProxy section */

/* Begin PBXFileReference section */
		3F6B55AC2257526100D536F9 /* Home.app */ = {isa = PBXFileReference; explicitFileType = wrapper.application; includeInIndex = 0; path = Home.app; sourceTree = BUILT_PRODUCTS_DIR; };
		3F6B55AF2257526100D536F9 /* AppDelegate.swift */ = {isa = PBXFileReference; lastKnownFileType = sourcecode.swift; path = AppDelegate.swift; sourceTree = "<group>"; };
		3F6B55B12257526100D536F9 /* ViewController.swift */ = {isa = PBXFileReference; lastKnownFileType = sourcecode.swift; path = ViewController.swift; sourceTree = "<group>"; };
		3F6B55B42257526100D536F9 /* Base */ = {isa = PBXFileReference; lastKnownFileType = file.storyboard; name = Base; path = Base.lproj/Main.storyboard; sourceTree = "<group>"; };
		3F6B55B62257526500D536F9 /* Assets.xcassets */ = {isa = PBXFileReference; lastKnownFileType = folder.assetcatalog; path = Assets.xcassets; sourceTree = "<group>"; };
		3F6B55B92257526500D536F9 /* Base */ = {isa = PBXFileReference; lastKnownFileType = file.storyboard; name = Base; path = Base.lproj/LaunchScreen.storyboard; sourceTree = "<group>"; };
		3F6B55BB2257526500D536F9 /* Info.plist */ = {isa = PBXFileReference; lastKnownFileType = text.plist.xml; path = Info.plist; sourceTree = "<group>"; };
		3F6B55C02257526600D536F9 /* HomeTests.xctest */ = {isa = PBXFileReference; explicitFileType = wrapper.cfbundle; includeInIndex = 0; path = HomeTests.xctest; sourceTree = BUILT_PRODUCTS_DIR; };
		3F6B55C42257526600D536F9 /* HomeTests.swift */ = {isa = PBXFileReference; lastKnownFileType = sourcecode.swift; path = HomeTests.swift; sourceTree = "<group>"; };
		3F6B55C62257526600D536F9 /* Info.plist */ = {isa = PBXFileReference; lastKnownFileType = text.plist.xml; path = Info.plist; sourceTree = "<group>"; };
		3F6B55CB2257526600D536F9 /* HomeUITests.xctest */ = {isa = PBXFileReference; explicitFileType = wrapper.cfbundle; includeInIndex = 0; path = HomeUITests.xctest; sourceTree = BUILT_PRODUCTS_DIR; };
		3F6B55CF2257526600D536F9 /* HomeUITests.swift */ = {isa = PBXFileReference; lastKnownFileType = sourcecode.swift; path = HomeUITests.swift; sourceTree = "<group>"; };
		3F6B55D12257526600D536F9 /* Info.plist */ = {isa = PBXFileReference; lastKnownFileType = text.plist.xml; path = Info.plist; sourceTree = "<group>"; };
/* End PBXFileReference section */

/* Begin PBXFrameworksBuildPhase section */
		3F6B55A92257526100D536F9 /* Frameworks */ = {
			isa = PBXFrameworksBuildPhase;
			buildActionMask = 2147483647;
			files = (
			);
			runOnlyForDeploymentPostprocessing = 0;
		};
		3F6B55BD2257526600D536F9 /* Frameworks */ = {
			isa = PBXFrameworksBuildPhase;
			buildActionMask = 2147483647;
			files = (
			);
			runOnlyForDeploymentPostprocessing = 0;
		};
		3F6B55C82257526600D536F9 /* Frameworks */ = {
			isa = PBXFrameworksBuildPhase;
			buildActionMask = 2147483647;
			files = (
			);
			runOnlyForDeploymentPostprocessing = 0;
		};
/* End PBXFrameworksBuildPhase section */

/* Begin PBXGroup section */
		3F6B55A32257526100D536F9 = {
			isa = PBXGroup;
			children = (
				3F6B55AE2257526100D536F9 /* Home */,
				3F6B55C32257526600D536F9 /* HomeTests */,
				3F6B55CE2257526600D536F9 /* HomeUITests */,
				3F6B55AD2257526100D536F9 /* Products */,
			);
			sourceTree = "<group>";
		};
		3F6B55AD2257526100D536F9 /* Products */ = {
			isa = PBXGroup;
			children = (
				3F6B55AC2257526100D536F9 /* Home.app */,
				3F6B55C02257526600D536F9 /* HomeTests.xctest */,
				3F6B55CB2257526600D536F9 /* HomeUITests.xctest */,
			);
			name = Products;
			sourceTree = "<group>";
		};
		3F6B55AE2257526100D536F9 /* Home */ = {
			isa = PBXGroup;
			children = (
				3F6B55AF2257526100D536F9 /* AppDelegate.swift */,
				3F6B55B12257526100D536F9 /* ViewController.swift */,
				3F6B55B32257526100D536F9 /* Main.storyboard */,
				3F6B55B62257526500D536F9 /* Assets.xcassets */,
				3F6B55B82257526500D536F9 /* LaunchScreen.storyboard */,
				3F6B55BB2257526500D536F9 /* Info.plist */,
			);
			path = Home;
			sourceTree = "<group>";
		};
		3F6B55C32257526600D536F9 /* HomeTests */ = {
			isa = PBXGroup;
			children = (
				3F6B55C42257526600D536F9 /* HomeTests.swift */,
				3F6B55C62257526600D536F9 /* Info.plist */,
			);
			path = HomeTests;
			sourceTree = "<group>";
		};
		3F6B55CE2257526600D536F9 /* HomeUITests */ = {
			isa = PBXGroup;
			children = (
				3F6B55CF2257526600D536F9 /* HomeUITests.swift */,
				3F6B55D12257526600D536F9 /* Info.plist */,
			);
			path = HomeUITests;
			sourceTree = "<group>";
		};
/* End PBXGroup section */

/* Begin PBXNativeTarget section */
		3F6B55AB2257526100D536F9 /* Home */ = {
			isa = PBXNativeTarget;
			buildConfigurationList = 3F6B55D42257526600D536F9 /* Build configuration list for PBXNativeTarget "Home" */;
			buildPhases = (
				3F6B55A82257526100D536F9 /* Sources */,
				3F6B55A92257526100D536F9 /* Frameworks */,
				3F6B55AA2257526100D536F9 /* Resources */,
			);
			buildRules = (
			);
			dependencies = (
			);
			name = Home;
			productName = Home;
			productReference = 3F6B55AC2257526100D536F9 /* Home.app */;
			productType = "com.apple.product-type.application";
		};
		3F6B55BF2257526600D536F9 /* HomeTests */ = {
			isa = PBXNativeTarget;
			buildConfigurationList = 3F6B55D72257526600D536F9 /* Build configuration list for PBXNativeTarget "HomeTests" */;
			buildPhases = (
				3F6B55BC2257526600D536F9 /* Sources */,
				3F6B55BD2257526600D536F9 /* Frameworks */,
				3F6B55BE2257526600D536F9 /* Resources */,
			);
			buildRules = (
			);
			dependencies = (
				3F6B55C22257526600D536F9 /* PBXTargetDependency */,
			);
			name = HomeTests;
			productName = HomeTests;
			productReference = 3F6B55C02257526600D536F9 /* HomeTests.xctest */;
			productType = "com.apple.product-type.bundle.unit-test";
		};
		3F6B55CA2257526600D536F9 /* HomeUITests */ = {
			isa = PBXNativeTarget;
			buildConfigurationList = 3F6B55DA2257526600D536F9 /* Build configuration list for PBXNativeTarget "HomeUITests" */;
			buildPhases = (
				3F6B55C72257526600D536F9 /* Sources */,
				3F6B55C82257526600D536F9 /* Frameworks */,
				3F6B55C92257526600D536F9 /* Resources */,
			);
			buildRules = (
			);
			dependencies = (
				3F6B55CD2257526600D536F9 /* PBXTargetDependency */,
			);
			name = HomeUITests;
			productName = HomeUITests;
			productReference = 3F6B55CB2257526600D536F9 /* HomeUITests.xctest */;
			productType = "com.apple.product-type.bundle.ui-testing";
		};
/* End PBXNativeTarget section */

/* Begin PBXProject section */
		3F6B55A42257526100D536F9 /* Project object */ = {
			isa = PBXProject;
			attributes = {
				LastSwiftUpdateCheck = 1010;
				LastUpgradeCheck = 1010;
				ORGANIZATIONNAME = "muddi hejjo";
				TargetAttributes = {
					3F6B55AB2257526100D536F9 = {
						CreatedOnToolsVersion = 10.1;
					};
					3F6B55BF2257526600D536F9 = {
						CreatedOnToolsVersion = 10.1;
						TestTargetID = 3F6B55AB2257526100D536F9;
					};
					3F6B55CA2257526600D536F9 = {
						CreatedOnToolsVersion = 10.1;
						TestTargetID = 3F6B55AB2257526100D536F9;
					};
				};
			};
			buildConfigurationList = 3F6B55A72257526100D536F9 /* Build configuration list for PBXProject "Home" */;
			compatibilityVersion = "Xcode 9.3";
			developmentRegion = en;
			hasScannedForEncodings = 0;
			knownRegions = (
				en,
				Base,
			);
			mainGroup = 3F6B55A32257526100D536F9;
			productRefGroup = 3F6B55AD2257526100D536F9 /* Products */;
			projectDirPath = "";
			projectRoot = "";
			targets = (
				3F6B55AB2257526100D536F9 /* Home */,
				3F6B55BF2257526600D536F9 /* HomeTests */,
				3F6B55CA2257526600D536F9 /* HomeUITests */,
			);
		};
/* End PBXProject section */

/* Begin PBXResourcesBuildPhase section */
		3F6B55AA2257526100D536F9 /* Resources */ = {
			isa = PBXResourcesBuildPhase;
			buildActionMask = 2147483647;
			files = (
				3F6B55BA2257526500D536F9 /* LaunchScreen.storyboard in Resources */,
				3F6B55B72257526500D536F9 /* Assets.xcassets in Resources */,
				3F6B55B52257526100D536F9 /* Main.storyboard in Resources */,
			);
			runOnlyForDeploymentPostprocessing = 0;
		};
		3F6B55BE2257526600D536F9 /* Resources */ = {
			isa = PBXResourcesBuildPhase;
			buildActionMask = 2147483647;
			files = (
			);
			runOnlyForDeploymentPostprocessing = 0;
		};
		3F6B55C92257526600D536F9 /* Resources */ = {
			isa = PBXResourcesBuildPhase;
			buildActionMask = 2147483647;
			files = (
			);
			runOnlyForDeploymentPostprocessing = 0;
		};
/* End PBXResourcesBuildPhase section */

/* Begin PBXSourcesBuildPhase section */
		3F6B55A82257526100D536F9 /* Sources */ = {
			isa = PBXSourcesBuildPhase;
			buildActionMask = 2147483647;
			files = (
				3F6B55B22257526100D536F9 /* ViewController.swift in Sources */,
				3F6B55B02257526100D536F9 /* AppDelegate.swift in Sources */,
			);
			runOnlyForDeploymentPostprocessing = 0;
		};
		3F6B55BC2257526600D536F9 /* Sources */ = {
			isa = PBXSourcesBuildPhase;
			buildActionMask = 2147483647;
			files = (
				3F6B55C52257526600D536F9 /* HomeTests.swift in Sources */,
			);
			runOnlyForDeploymentPostprocessing = 0;
		};
		3F6B55C72257526600D536F9 /* Sources */ = {
			isa = PBXSourcesBuildPhase;
			buildActionMask = 2147483647;
			files = (
				3F6B55D02257526600D536F9 /* HomeUITests.swift in Sources */,
			);
			runOnlyForDeploymentPostprocessing = 0;
		};
/* End PBXSourcesBuildPhase section */

/* Begin PBXTargetDependency section */
		3F6B55C22257526600D536F9 /* PBXTargetDependency */ = {
			isa = PBXTargetDependency;
			target = 3F6B55AB2257526100D536F9 /* Home */;
			targetProxy = 3F6B55C12257526600D536F9 /* PBXContainerItemProxy */;
		};
		3F6B55CD2257526600D536F9 /* PBXTargetDependency */ = {
			isa = PBXTargetDependency;
			target = 3F6B55AB2257526100D536F9 /* Home */;
			targetProxy = 3F6B55CC2257526600D536F9 /* PBXContainerItemProxy */;
		};
/* End PBXTargetDependency section */

/* Begin PBXVariantGroup section */
		3F6B55B32257526100D536F9 /* Main.storyboard */ = {
			isa = PBXVariantGroup;
			children = (
				3F6B55B42257526100D536F9 /* Base */,
			);
			name = Main.storyboard;
			sourceTree = "<group>";
		};
		3F6B55B82257526500D536F9 /* LaunchScreen.storyboard */ = {
			isa = PBXVariantGroup;
			children = (
				3F6B55B92257526500D536F9 /* Base */,
			);
			name = LaunchScreen.storyboard;
			sourceTree = "<group>";
		};
/* End PBXVariantGroup section */

/* Begin XCBuildConfiguration section */
		3F6B55D22257526600D536F9 /* Debug */ = {
			isa = XCBuildConfiguration;
			buildSettings = {
				ALWAYS_SEARCH_USER_PATHS = NO;
				CLANG_ANALYZER_NONNULL = YES;
				CLANG_ANALYZER_NUMBER_OBJECT_CONVERSION = YES_AGGRESSIVE;
				CLANG_CXX_LANGUAGE_STANDARD = "gnu++14";
				CLANG_CXX_LIBRARY = "libc++";
				CLANG_ENABLE_MODULES = YES;
				CLANG_ENABLE_OBJC_ARC = YES;
				CLANG_ENABLE_OBJC_WEAK = YES;
				CLANG_WARN_BLOCK_CAPTURE_AUTORELEASING = YES;
				CLANG_WARN_BOOL_CONVERSION = YES;
				CLANG_WARN_COMMA = YES;
				CLANG_WARN_CONSTANT_CONVERSION = YES;
				CLANG_WARN_DEPRECATED_OBJC_IMPLEMENTATIONS = YES;
				CLANG_WARN_DIRECT_OBJC_ISA_USAGE = YES_ERROR;
				CLANG_WARN_DOCUMENTATION_COMMENTS = YES;
				CLANG_WARN_EMPTY_BODY = YES;
				CLANG_WARN_ENUM_CONVERSION = YES;
				CLANG_WARN_INFINITE_RECURSION = YES;
				CLANG_WARN_INT_CONVERSION = YES;
				CLANG_WARN_NON_LITERAL_NULL_CONVERSION = YES;
				CLANG_WARN_OBJC_IMPLICIT_RETAIN_SELF = YES;
				CLANG_WARN_OBJC_LITERAL_CONVERSION = YES;
				CLANG_WARN_OBJC_ROOT_CLASS = YES_ERROR;
				CLANG_WARN_RANGE_LOOP_ANALYSIS = YES;
				CLANG_WARN_STRICT_PROTOTYPES = YES;
				CLANG_WARN_SUSPICIOUS_MOVE = YES;
				CLANG_WARN_UNGUARDED_AVAILABILITY = YES_AGGRESSIVE;
				CLANG_WARN_UNREACHABLE_CODE = YES;
				CLANG_WARN__DUPLICATE_METHOD_MATCH = YES;
				CODE_SIGN_IDENTITY = "iPhone Developer";
				COPY_PHASE_STRIP = NO;
				DEBUG_INFORMATION_FORMAT = dwarf;
				ENABLE_STRICT_OBJC_MSGSEND = YES;
				ENABLE_TESTABILITY = YES;
				GCC_C_LANGUAGE_STANDARD = gnu11;
				GCC_DYNAMIC_NO_PIC = NO;
				GCC_NO_COMMON_BLOCKS = YES;
				GCC_OPTIMIZATION_LEVEL = 0;
				GCC_PREPROCESSOR_DEFINITIONS = (
					"DEBUG=1",
					"$(inherited)",
				);
				GCC_WARN_64_TO_32_BIT_CONVERSION = YES;
				GCC_WARN_ABOUT_RETURN_TYPE = YES_ERROR;
				GCC_WARN_UNDECLARED_SELECTOR = YES;
				GCC_WARN_UNINITIALIZED_AUTOS = YES_AGGRESSIVE;
				GCC_WARN_UNUSED_FUNCTION = YES;
				GCC_WARN_UNUSED_VARIABLE = YES;
				IPHONEOS_DEPLOYMENT_TARGET = 12.1;
				MTL_ENABLE_DEBUG_INFO = INCLUDE_SOURCE;
				MTL_FAST_MATH = YES;
				ONLY_ACTIVE_ARCH = YES;
				SDKROOT = iphoneos;
				SWIFT_ACTIVE_COMPILATION_CONDITIONS = DEBUG;
				SWIFT_OPTIMIZATION_LEVEL = "-Onone";
			};
			name = Debug;
		};
		3F6B55D32257526600D536F9 /* Release */ = {
			isa = XCBuildConfiguration;
			buildSettings = {
				ALWAYS_SEARCH_USER_PATHS = NO;
				CLANG_ANALYZER_NONNULL = YES;
				CLANG_ANALYZER_NUMBER_OBJECT_CONVERSION = YES_AGGRESSIVE;
				CLANG_CXX_LANGUAGE_STANDARD = "gnu++14";
				CLANG_CXX_LIBRARY = "libc++";
				CLANG_ENABLE_MODULES = YES;
				CLANG_ENABLE_OBJC_ARC = YES;
				CLANG_ENABLE_OBJC_WEAK = YES;
				CLANG_WARN_BLOCK_CAPTURE_AUTORELEASING = YES;
				CLANG_WARN_BOOL_CONVERSION = YES;
				CLANG_WARN_COMMA = YES;
				CLANG_WARN_CONSTANT_CONVERSION = YES;
				CLANG_WARN_DEPRECATED_OBJC_IMPLEMENTATIONS = YES;
				CLANG_WARN_DIRECT_OBJC_ISA_USAGE = YES_ERROR;
				CLANG_WARN_DOCUMENTATION_COMMENTS = YES;
				CLANG_WARN_EMPTY_BODY = YES;
				CLANG_WARN_ENUM_CONVERSION = YES;
				CLANG_WARN_INFINITE_RECURSION = YES;
				CLANG_WARN_INT_CONVERSION = YES;
				CLANG_WARN_NON_LITERAL_NULL_CONVERSION = YES;
				CLANG_WARN_OBJC_IMPLICIT_RETAIN_SELF = YES;
				CLANG_WARN_OBJC_LITERAL_CONVERSION = YES;
				CLANG_WARN_OBJC_ROOT_CLASS = YES_ERROR;
				CLANG_WARN_RANGE_LOOP_ANALYSIS = YES;
				CLANG_WARN_STRICT_PROTOTYPES = YES;
				CLANG_WARN_SUSPICIOUS_MOVE = YES;
				CLANG_WARN_UNGUARDED_AVAILABILITY = YES_AGGRESSIVE;
				CLANG_WARN_UNREACHABLE_CODE = YES;
				CLANG_WARN__DUPLICATE_METHOD_MATCH = YES;
				CODE_SIGN_IDENTITY = "iPhone Developer";
				COPY_PHASE_STRIP = NO;
				DEBUG_INFORMATION_FORMAT = "dwarf-with-dsym";
				ENABLE_NS_ASSERTIONS = NO;
				ENABLE_STRICT_OBJC_MSGSEND = YES;
				GCC_C_LANGUAGE_STANDARD = gnu11;
				GCC_NO_COMMON_BLOCKS = YES;
				GCC_WARN_64_TO_32_BIT_CONVERSION = YES;
				GCC_WARN_ABOUT_RETURN_TYPE = YES_ERROR;
				GCC_WARN_UNDECLARED_SELECTOR = YES;
				GCC_WARN_UNINITIALIZED_AUTOS = YES_AGGRESSIVE;
				GCC_WARN_UNUSED_FUNCTION = YES;
				GCC_WARN_UNUSED_VARIABLE = YES;
				IPHONEOS_DEPLOYMENT_TARGET = 12.1;
				MTL_ENABLE_DEBUG_INFO = NO;
				MTL_FAST_MATH = YES;
				SDKROOT = iphoneos;
				SWIFT_COMPILATION_MODE = wholemodule;
				SWIFT_OPTIMIZATION_LEVEL = "-O";
				VALIDATE_PRODUCT = YES;
			};
			name = Release;
		};
		3F6B55D52257526600D536F9 /* Debug */ = {
			isa = XCBuildConfiguration;
			buildSettings = {
				ASSETCATALOG_COMPILER_APPICON_NAME = AppIcon;
				CODE_SIGN_STYLE = Automatic;
				DEVELOPMENT_TEAM = HKKP7Y8T7D;
				INFOPLIST_FILE = Home/Info.plist;
				LD_RUNPATH_SEARCH_PATHS = (
					"$(inherited)",
					"@executable_path/Frameworks",
				);
				PRODUCT_BUNDLE_IDENTIFIER = com.kea.Home;
				PRODUCT_NAME = "$(TARGET_NAME)";
				SWIFT_VERSION = 4.2;
				TARGETED_DEVICE_FAMILY = "1,2";
			};
			name = Debug;
		};
		3F6B55D62257526600D536F9 /* Release */ = {
			isa = XCBuildConfiguration;
			buildSettings = {
				ASSETCATALOG_COMPILER_APPICON_NAME = AppIcon;
				CODE_SIGN_STYLE = Automatic;
				DEVELOPMENT_TEAM = HKKP7Y8T7D;
				INFOPLIST_FILE = Home/Info.plist;
				LD_RUNPATH_SEARCH_PATHS = (
					"$(inherited)",
					"@executable_path/Frameworks",
				);
				PRODUCT_BUNDLE_IDENTIFIER = com.kea.Home;
				PRODUCT_NAME = "$(TARGET_NAME)";
				SWIFT_VERSION = 4.2;
				TARGETED_DEVICE_FAMILY = "1,2";
			};
			name = Release;
		};
		3F6B55D82257526600D536F9 /* Debug */ = {
			isa = XCBuildConfiguration;
			buildSettings = {
				ALWAYS_EMBED_SWIFT_STANDARD_LIBRARIES = YES;
				BUNDLE_LOADER = "$(TEST_HOST)";
				CODE_SIGN_STYLE = Automatic;
				DEVELOPMENT_TEAM = HKKP7Y8T7D;
				INFOPLIST_FILE = HomeTests/Info.plist;
				LD_RUNPATH_SEARCH_PATHS = (
					"$(inherited)",
					"@executable_path/Frameworks",
					"@loader_path/Frameworks",
				);
				PRODUCT_BUNDLE_IDENTIFIER = com.kea.HomeTests;
				PRODUCT_NAME = "$(TARGET_NAME)";
				SWIFT_VERSION = 4.2;
				TARGETED_DEVICE_FAMILY = "1,2";
				TEST_HOST = "$(BUILT_PRODUCTS_DIR)/Home.app/Home";
			};
			name = Debug;
		};
		3F6B55D92257526600D536F9 /* Release */ = {
			isa = XCBuildConfiguration;
			buildSettings = {
				ALWAYS_EMBED_SWIFT_STANDARD_LIBRARIES = YES;
				BUNDLE_LOADER = "$(TEST_HOST)";
				CODE_SIGN_STYLE = Automatic;
				DEVELOPMENT_TEAM = HKKP7Y8T7D;
				INFOPLIST_FILE = HomeTests/Info.plist;
				LD_RUNPATH_SEARCH_PATHS = (
					"$(inherited)",
					"@executable_path/Frameworks",
					"@loader_path/Frameworks",
				);
				PRODUCT_BUNDLE_IDENTIFIER = com.kea.HomeTests;
				PRODUCT_NAME = "$(TARGET_NAME)";
				SWIFT_VERSION = 4.2;
				TARGETED_DEVICE_FAMILY = "1,2";
				TEST_HOST = "$(BUILT_PRODUCTS_DIR)/Home.app/Home";
			};
			name = Release;
		};
		3F6B55DB2257526600D536F9 /* Debug */ = {
			isa = XCBuildConfiguration;
			buildSettings = {
				ALWAYS_EMBED_SWIFT_STANDARD_LIBRARIES = YES;
				CODE_SIGN_STYLE = Automatic;
				DEVELOPMENT_TEAM = HKKP7Y8T7D;
				INFOPLIST_FILE = HomeUITests/Info.plist;
				LD_RUNPATH_SEARCH_PATHS = (
					"$(inherited)",
					"@executable_path/Frameworks",
					"@loader_path/Frameworks",
				);
				PRODUCT_BUNDLE_IDENTIFIER = com.kea.HomeUITests;
				PRODUCT_NAME = "$(TARGET_NAME)";
				SWIFT_VERSION = 4.2;
				TARGETED_DEVICE_FAMILY = "1,2";
				TEST_TARGET_NAME = Home;
			};
			name = Debug;
		};
		3F6B55DC2257526600D536F9 /* Release */ = {
			isa = XCBuildConfiguration;
			buildSettings = {
				ALWAYS_EMBED_SWIFT_STANDARD_LIBRARIES = YES;
				CODE_SIGN_STYLE = Automatic;
				DEVELOPMENT_TEAM = HKKP7Y8T7D;
				INFOPLIST_FILE = HomeUITests/Info.plist;
				LD_RUNPATH_SEARCH_PATHS = (
					"$(inherited)",
					"@executable_path/Frameworks",
					"@loader_path/Frameworks",
				);
				PRODUCT_BUNDLE_IDENTIFIER = com.kea.HomeUITests;
				PRODUCT_NAME = "$(TARGET_NAME)";
				SWIFT_VERSION = 4.2;
				TARGETED_DEVICE_FAMILY = "1,2";
				TEST_TARGET_NAME = Home;
			};
			name = Release;
		};
/* End XCBuildConfiguration section */

/* Begin XCConfigurationList section */
		3F6B55A72257526100D536F9 /* Build configuration list for PBXProject "Home" */ = {
			isa = XCConfigurationList;
			buildConfigurations = (
				3F6B55D22257526600D536F9 /* Debug */,
				3F6B55D32257526600D536F9 /* Release */,
			);
			defaultConfigurationIsVisible = 0;
			defaultConfigurationName = Release;
		};
		3F6B55D42257526600D536F9 /* Build configuration list for PBXNativeTarget "Home" */ = {
			isa = XCConfigurationList;
			buildConfigurations = (
				3F6B55D52257526600D536F9 /* Debug */,
				3F6B55D62257526600D536F9 /* Release */,
			);
			defaultConfigurationIsVisible = 0;
			defaultConfigurationName = Release;
		};
		3F6B55D72257526600D536F9 /* Build configuration list for PBXNativeTarget "HomeTests" */ = {
			isa = XCConfigurationList;
			buildConfigurations = (
				3F6B55D82257526600D536F9 /* Debug */,
				3F6B55D92257526600D536F9 /* Release */,
			);
			defaultConfigurationIsVisible = 0;
			defaultConfigurationName = Release;
		};
		3F6B55DA2257526600D536F9 /* Build configuration list for PBXNativeTarget "HomeUITests" */ = {
			isa = XCConfigurationList;
			buildConfigurations = (
				3F6B55DB2257526600D536F9 /* Debug */,
				3F6B55DC2257526600D536F9 /* Release */,
			);
			defaultConfigurationIsVisible = 0;
			defaultConfigurationName = Release;
		};
/* End XCConfigurationList section */
	};
	rootObject = 3F6B55A42257526100D536F9 /* Project object */;
}
