// !$*UTF8*$!
{
	archiveVersion = 1;
	classes = {
	};
	objectVersion = 50;
	objects = {

/* Begin PBXBuildFile section */
		49C049092257524000C0C6CA /* AppDelegate.swift in Sources */ = {isa = PBXBuildFile; fileRef = 49C049082257524000C0C6CA /* AppDelegate.swift */; };
		49C0490B2257524000C0C6CA /* ViewController.swift in Sources */ = {isa = PBXBuildFile; fileRef = 49C0490A2257524000C0C6CA /* ViewController.swift */; };
		49C0490E2257524000C0C6CA /* Main.storyboard in Resources */ = {isa = PBXBuildFile; fileRef = 49C0490C2257524000C0C6CA /* Main.storyboard */; };
		49C049102257524100C0C6CA /* Assets.xcassets in Resources */ = {isa = PBXBuildFile; fileRef = 49C0490F2257524100C0C6CA /* Assets.xcassets */; };
		49C049132257524100C0C6CA /* LaunchScreen.storyboard in Resources */ = {isa = PBXBuildFile; fileRef = 49C049112257524100C0C6CA /* LaunchScreen.storyboard */; };
		49C0491E2257524100C0C6CA /* HomeCompasTests.swift in Sources */ = {isa = PBXBuildFile; fileRef = 49C0491D2257524100C0C6CA /* HomeCompasTests.swift */; };
		49C049292257524100C0C6CA /* HomeCompasUITests.swift in Sources */ = {isa = PBXBuildFile; fileRef = 49C049282257524100C0C6CA /* HomeCompasUITests.swift */; };
/* End PBXBuildFile section */

/* Begin PBXContainerItemProxy section */
		49C0491A2257524100C0C6CA /* PBXContainerItemProxy */ = {
			isa = PBXContainerItemProxy;
			containerPortal = 49C048FD2257524000C0C6CA /* Project object */;
			proxyType = 1;
			remoteGlobalIDString = 49C049042257524000C0C6CA;
			remoteInfo = HomeCompas;
		};
		49C049252257524100C0C6CA /* PBXContainerItemProxy */ = {
			isa = PBXContainerItemProxy;
			containerPortal = 49C048FD2257524000C0C6CA /* Project object */;
			proxyType = 1;
			remoteGlobalIDString = 49C049042257524000C0C6CA;
			remoteInfo = HomeCompas;
		};
/* End PBXContainerItemProxy section */

/* Begin PBXFileReference section */
		49C049052257524000C0C6CA /* HomeCompas.app */ = {isa = PBXFileReference; explicitFileType = wrapper.application; includeInIndex = 0; path = HomeCompas.app; sourceTree = BUILT_PRODUCTS_DIR; };
		49C049082257524000C0C6CA /* AppDelegate.swift */ = {isa = PBXFileReference; lastKnownFileType = sourcecode.swift; path = AppDelegate.swift; sourceTree = "<group>"; };
		49C0490A2257524000C0C6CA /* ViewController.swift */ = {isa = PBXFileReference; lastKnownFileType = sourcecode.swift; path = ViewController.swift; sourceTree = "<group>"; };
		49C0490D2257524000C0C6CA /* Base */ = {isa = PBXFileReference; lastKnownFileType = file.storyboard; name = Base; path = Base.lproj/Main.storyboard; sourceTree = "<group>"; };
		49C0490F2257524100C0C6CA /* Assets.xcassets */ = {isa = PBXFileReference; lastKnownFileType = folder.assetcatalog; path = Assets.xcassets; sourceTree = "<group>"; };
		49C049122257524100C0C6CA /* Base */ = {isa = PBXFileReference; lastKnownFileType = file.storyboard; name = Base; path = Base.lproj/LaunchScreen.storyboard; sourceTree = "<group>"; };
		49C049142257524100C0C6CA /* Info.plist */ = {isa = PBXFileReference; lastKnownFileType = text.plist.xml; path = Info.plist; sourceTree = "<group>"; };
		49C049192257524100C0C6CA /* HomeCompasTests.xctest */ = {isa = PBXFileReference; explicitFileType = wrapper.cfbundle; includeInIndex = 0; path = HomeCompasTests.xctest; sourceTree = BUILT_PRODUCTS_DIR; };
		49C0491D2257524100C0C6CA /* HomeCompasTests.swift */ = {isa = PBXFileReference; lastKnownFileType = sourcecode.swift; path = HomeCompasTests.swift; sourceTree = "<group>"; };
		49C0491F2257524100C0C6CA /* Info.plist */ = {isa = PBXFileReference; lastKnownFileType = text.plist.xml; path = Info.plist; sourceTree = "<group>"; };
		49C049242257524100C0C6CA /* HomeCompasUITests.xctest */ = {isa = PBXFileReference; explicitFileType = wrapper.cfbundle; includeInIndex = 0; path = HomeCompasUITests.xctest; sourceTree = BUILT_PRODUCTS_DIR; };
		49C049282257524100C0C6CA /* HomeCompasUITests.swift */ = {isa = PBXFileReference; lastKnownFileType = sourcecode.swift; path = HomeCompasUITests.swift; sourceTree = "<group>"; };
		49C0492A2257524100C0C6CA /* Info.plist */ = {isa = PBXFileReference; lastKnownFileType = text.plist.xml; path = Info.plist; sourceTree = "<group>"; };
/* End PBXFileReference section */

/* Begin PBXFrameworksBuildPhase section */
		49C049022257524000C0C6CA /* Frameworks */ = {
			isa = PBXFrameworksBuildPhase;
			buildActionMask = 2147483647;
			files = (
			);
			runOnlyForDeploymentPostprocessing = 0;
		};
		49C049162257524100C0C6CA /* Frameworks */ = {
			isa = PBXFrameworksBuildPhase;
			buildActionMask = 2147483647;
			files = (
			);
			runOnlyForDeploymentPostprocessing = 0;
		};
		49C049212257524100C0C6CA /* Frameworks */ = {
			isa = PBXFrameworksBuildPhase;
			buildActionMask = 2147483647;
			files = (
			);
			runOnlyForDeploymentPostprocessing = 0;
		};
/* End PBXFrameworksBuildPhase section */

/* Begin PBXGroup section */
		49C048FC2257524000C0C6CA = {
			isa = PBXGroup;
			children = (
				49C049072257524000C0C6CA /* HomeCompas */,
				49C0491C2257524100C0C6CA /* HomeCompasTests */,
				49C049272257524100C0C6CA /* HomeCompasUITests */,
				49C049062257524000C0C6CA /* Products */,
			);
			sourceTree = "<group>";
		};
		49C049062257524000C0C6CA /* Products */ = {
			isa = PBXGroup;
			children = (
				49C049052257524000C0C6CA /* HomeCompas.app */,
				49C049192257524100C0C6CA /* HomeCompasTests.xctest */,
				49C049242257524100C0C6CA /* HomeCompasUITests.xctest */,
			);
			name = Products;
			sourceTree = "<group>";
		};
		49C049072257524000C0C6CA /* HomeCompas */ = {
			isa = PBXGroup;
			children = (
				49C049082257524000C0C6CA /* AppDelegate.swift */,
				49C0490A2257524000C0C6CA /* ViewController.swift */,
				49C0490C2257524000C0C6CA /* Main.storyboard */,
				49C0490F2257524100C0C6CA /* Assets.xcassets */,
				49C049112257524100C0C6CA /* LaunchScreen.storyboard */,
				49C049142257524100C0C6CA /* Info.plist */,
			);
			path = HomeCompas;
			sourceTree = "<group>";
		};
		49C0491C2257524100C0C6CA /* HomeCompasTests */ = {
			isa = PBXGroup;
			children = (
				49C0491D2257524100C0C6CA /* HomeCompasTests.swift */,
				49C0491F2257524100C0C6CA /* Info.plist */,
			);
			path = HomeCompasTests;
			sourceTree = "<group>";
		};
		49C049272257524100C0C6CA /* HomeCompasUITests */ = {
			isa = PBXGroup;
			children = (
				49C049282257524100C0C6CA /* HomeCompasUITests.swift */,
				49C0492A2257524100C0C6CA /* Info.plist */,
			);
			path = HomeCompasUITests;
			sourceTree = "<group>";
		};
/* End PBXGroup section */

/* Begin PBXNativeTarget section */
		49C049042257524000C0C6CA /* HomeCompas */ = {
			isa = PBXNativeTarget;
			buildConfigurationList = 49C0492D2257524100C0C6CA /* Build configuration list for PBXNativeTarget "HomeCompas" */;
			buildPhases = (
				49C049012257524000C0C6CA /* Sources */,
				49C049022257524000C0C6CA /* Frameworks */,
				49C049032257524000C0C6CA /* Resources */,
			);
			buildRules = (
			);
			dependencies = (
			);
			name = HomeCompas;
			productName = HomeCompas;
			productReference = 49C049052257524000C0C6CA /* HomeCompas.app */;
			productType = "com.apple.product-type.application";
		};
		49C049182257524100C0C6CA /* HomeCompasTests */ = {
			isa = PBXNativeTarget;
			buildConfigurationList = 49C049302257524100C0C6CA /* Build configuration list for PBXNativeTarget "HomeCompasTests" */;
			buildPhases = (
				49C049152257524100C0C6CA /* Sources */,
				49C049162257524100C0C6CA /* Frameworks */,
				49C049172257524100C0C6CA /* Resources */,
			);
			buildRules = (
			);
			dependencies = (
				49C0491B2257524100C0C6CA /* PBXTargetDependency */,
			);
			name = HomeCompasTests;
			productName = HomeCompasTests;
			productReference = 49C049192257524100C0C6CA /* HomeCompasTests.xctest */;
			productType = "com.apple.product-type.bundle.unit-test";
		};
		49C049232257524100C0C6CA /* HomeCompasUITests */ = {
			isa = PBXNativeTarget;
			buildConfigurationList = 49C049332257524100C0C6CA /* Build configuration list for PBXNativeTarget "HomeCompasUITests" */;
			buildPhases = (
				49C049202257524100C0C6CA /* Sources */,
				49C049212257524100C0C6CA /* Frameworks */,
				49C049222257524100C0C6CA /* Resources */,
			);
			buildRules = (
			);
			dependencies = (
				49C049262257524100C0C6CA /* PBXTargetDependency */,
			);
			name = HomeCompasUITests;
			productName = HomeCompasUITests;
			productReference = 49C049242257524100C0C6CA /* HomeCompasUITests.xctest */;
			productType = "com.apple.product-type.bundle.ui-testing";
		};
/* End PBXNativeTarget section */

/* Begin PBXProject section */
		49C048FD2257524000C0C6CA /* Project object */ = {
			isa = PBXProject;
			attributes = {
				LastSwiftUpdateCheck = 1020;
				LastUpgradeCheck = 1020;
				ORGANIZATIONNAME = "Martin Løseth Jensen";
				TargetAttributes = {
					49C049042257524000C0C6CA = {
						CreatedOnToolsVersion = 10.2;
					};
					49C049182257524100C0C6CA = {
						CreatedOnToolsVersion = 10.2;
						TestTargetID = 49C049042257524000C0C6CA;
					};
					49C049232257524100C0C6CA = {
						CreatedOnToolsVersion = 10.2;
						TestTargetID = 49C049042257524000C0C6CA;
					};
				};
			};
			buildConfigurationList = 49C049002257524000C0C6CA /* Build configuration list for PBXProject "HomeCompas" */;
			compatibilityVersion = "Xcode 9.3";
			developmentRegion = en;
			hasScannedForEncodings = 0;
			knownRegions = (
				en,
				Base,
			);
			mainGroup = 49C048FC2257524000C0C6CA;
			productRefGroup = 49C049062257524000C0C6CA /* Products */;
			projectDirPath = "";
			projectRoot = "";
			targets = (
				49C049042257524000C0C6CA /* HomeCompas */,
				49C049182257524100C0C6CA /* HomeCompasTests */,
				49C049232257524100C0C6CA /* HomeCompasUITests */,
			);
		};
/* End PBXProject section */

/* Begin PBXResourcesBuildPhase section */
		49C049032257524000C0C6CA /* Resources */ = {
			isa = PBXResourcesBuildPhase;
			buildActionMask = 2147483647;
			files = (
				49C049132257524100C0C6CA /* LaunchScreen.storyboard in Resources */,
				49C049102257524100C0C6CA /* Assets.xcassets in Resources */,
				49C0490E2257524000C0C6CA /* Main.storyboard in Resources */,
			);
			runOnlyForDeploymentPostprocessing = 0;
		};
		49C049172257524100C0C6CA /* Resources */ = {
			isa = PBXResourcesBuildPhase;
			buildActionMask = 2147483647;
			files = (
			);
			runOnlyForDeploymentPostprocessing = 0;
		};
		49C049222257524100C0C6CA /* Resources */ = {
			isa = PBXResourcesBuildPhase;
			buildActionMask = 2147483647;
			files = (
			);
			runOnlyForDeploymentPostprocessing = 0;
		};
/* End PBXResourcesBuildPhase section */

/* Begin PBXSourcesBuildPhase section */
		49C049012257524000C0C6CA /* Sources */ = {
			isa = PBXSourcesBuildPhase;
			buildActionMask = 2147483647;
			files = (
				49C0490B2257524000C0C6CA /* ViewController.swift in Sources */,
				49C049092257524000C0C6CA /* AppDelegate.swift in Sources */,
			);
			runOnlyForDeploymentPostprocessing = 0;
		};
		49C049152257524100C0C6CA /* Sources */ = {
			isa = PBXSourcesBuildPhase;
			buildActionMask = 2147483647;
			files = (
				49C0491E2257524100C0C6CA /* HomeCompasTests.swift in Sources */,
			);
			runOnlyForDeploymentPostprocessing = 0;
		};
		49C049202257524100C0C6CA /* Sources */ = {
			isa = PBXSourcesBuildPhase;
			buildActionMask = 2147483647;
			files = (
				49C049292257524100C0C6CA /* HomeCompasUITests.swift in Sources */,
			);
			runOnlyForDeploymentPostprocessing = 0;
		};
/* End PBXSourcesBuildPhase section */

/* Begin PBXTargetDependency section */
		49C0491B2257524100C0C6CA /* PBXTargetDependency */ = {
			isa = PBXTargetDependency;
			target = 49C049042257524000C0C6CA /* HomeCompas */;
			targetProxy = 49C0491A2257524100C0C6CA /* PBXContainerItemProxy */;
		};
		49C049262257524100C0C6CA /* PBXTargetDependency */ = {
			isa = PBXTargetDependency;
			target = 49C049042257524000C0C6CA /* HomeCompas */;
			targetProxy = 49C049252257524100C0C6CA /* PBXContainerItemProxy */;
		};
/* End PBXTargetDependency section */

/* Begin PBXVariantGroup section */
		49C0490C2257524000C0C6CA /* Main.storyboard */ = {
			isa = PBXVariantGroup;
			children = (
				49C0490D2257524000C0C6CA /* Base */,
			);
			name = Main.storyboard;
			sourceTree = "<group>";
		};
		49C049112257524100C0C6CA /* LaunchScreen.storyboard */ = {
			isa = PBXVariantGroup;
			children = (
				49C049122257524100C0C6CA /* Base */,
			);
			name = LaunchScreen.storyboard;
			sourceTree = "<group>";
		};
/* End PBXVariantGroup section */

/* Begin XCBuildConfiguration section */
		49C0492B2257524100C0C6CA /* Debug */ = {
			isa = XCBuildConfiguration;
			buildSettings = {
				ALWAYS_SEARCH_USER_PATHS = NO;
				CLANG_ANALYZER_NONNULL = YES;
				CLANG_ANALYZER_NUMBER_OBJECT_CONVERSION = YES_AGGRESSIVE;
				CLANG_CXX_LANGUAGE_STANDARD = "gnu++14";
				CLANG_CXX_LIBRARY = "libc++";
				CLANG_ENABLE_MODULES = YES;
				CLANG_ENABLE_OBJC_ARC = YES;
				CLANG_ENABLE_OBJC_WEAK = YES;
				CLANG_WARN_BLOCK_CAPTURE_AUTORELEASING = YES;
				CLANG_WARN_BOOL_CONVERSION = YES;
				CLANG_WARN_COMMA = YES;
				CLANG_WARN_CONSTANT_CONVERSION = YES;
				CLANG_WARN_DEPRECATED_OBJC_IMPLEMENTATIONS = YES;
				CLANG_WARN_DIRECT_OBJC_ISA_USAGE = YES_ERROR;
				CLANG_WARN_DOCUMENTATION_COMMENTS = YES;
				CLANG_WARN_EMPTY_BODY = YES;
				CLANG_WARN_ENUM_CONVERSION = YES;
				CLANG_WARN_INFINITE_RECURSION = YES;
				CLANG_WARN_INT_CONVERSION = YES;
				CLANG_WARN_NON_LITERAL_NULL_CONVERSION = YES;
				CLANG_WARN_OBJC_IMPLICIT_RETAIN_SELF = YES;
				CLANG_WARN_OBJC_LITERAL_CONVERSION = YES;
				CLANG_WARN_OBJC_ROOT_CLASS = YES_ERROR;
				CLANG_WARN_RANGE_LOOP_ANALYSIS = YES;
				CLANG_WARN_STRICT_PROTOTYPES = YES;
				CLANG_WARN_SUSPICIOUS_MOVE = YES;
				CLANG_WARN_UNGUARDED_AVAILABILITY = YES_AGGRESSIVE;
				CLANG_WARN_UNREACHABLE_CODE = YES;
				CLANG_WARN__DUPLICATE_METHOD_MATCH = YES;
				CODE_SIGN_IDENTITY = "iPhone Developer";
				COPY_PHASE_STRIP = NO;
				DEBUG_INFORMATION_FORMAT = dwarf;
				ENABLE_STRICT_OBJC_MSGSEND = YES;
				ENABLE_TESTABILITY = YES;
				GCC_C_LANGUAGE_STANDARD = gnu11;
				GCC_DYNAMIC_NO_PIC = NO;
				GCC_NO_COMMON_BLOCKS = YES;
				GCC_OPTIMIZATION_LEVEL = 0;
				GCC_PREPROCESSOR_DEFINITIONS = (
					"DEBUG=1",
					"$(inherited)",
				);
				GCC_WARN_64_TO_32_BIT_CONVERSION = YES;
				GCC_WARN_ABOUT_RETURN_TYPE = YES_ERROR;
				GCC_WARN_UNDECLARED_SELECTOR = YES;
				GCC_WARN_UNINITIALIZED_AUTOS = YES_AGGRESSIVE;
				GCC_WARN_UNUSED_FUNCTION = YES;
				GCC_WARN_UNUSED_VARIABLE = YES;
				IPHONEOS_DEPLOYMENT_TARGET = 12.2;
				MTL_ENABLE_DEBUG_INFO = INCLUDE_SOURCE;
				MTL_FAST_MATH = YES;
				ONLY_ACTIVE_ARCH = YES;
				SDKROOT = iphoneos;
				SWIFT_ACTIVE_COMPILATION_CONDITIONS = DEBUG;
				SWIFT_OPTIMIZATION_LEVEL = "-Onone";
			};
			name = Debug;
		};
		49C0492C2257524100C0C6CA /* Release */ = {
			isa = XCBuildConfiguration;
			buildSettings = {
				ALWAYS_SEARCH_USER_PATHS = NO;
				CLANG_ANALYZER_NONNULL = YES;
				CLANG_ANALYZER_NUMBER_OBJECT_CONVERSION = YES_AGGRESSIVE;
				CLANG_CXX_LANGUAGE_STANDARD = "gnu++14";
				CLANG_CXX_LIBRARY = "libc++";
				CLANG_ENABLE_MODULES = YES;
				CLANG_ENABLE_OBJC_ARC = YES;
				CLANG_ENABLE_OBJC_WEAK = YES;
				CLANG_WARN_BLOCK_CAPTURE_AUTORELEASING = YES;
				CLANG_WARN_BOOL_CONVERSION = YES;
				CLANG_WARN_COMMA = YES;
				CLANG_WARN_CONSTANT_CONVERSION = YES;
				CLANG_WARN_DEPRECATED_OBJC_IMPLEMENTATIONS = YES;
				CLANG_WARN_DIRECT_OBJC_ISA_USAGE = YES_ERROR;
				CLANG_WARN_DOCUMENTATION_COMMENTS = YES;
				CLANG_WARN_EMPTY_BODY = YES;
				CLANG_WARN_ENUM_CONVERSION = YES;
				CLANG_WARN_INFINITE_RECURSION = YES;
				CLANG_WARN_INT_CONVERSION = YES;
				CLANG_WARN_NON_LITERAL_NULL_CONVERSION = YES;
				CLANG_WARN_OBJC_IMPLICIT_RETAIN_SELF = YES;
				CLANG_WARN_OBJC_LITERAL_CONVERSION = YES;
				CLANG_WARN_OBJC_ROOT_CLASS = YES_ERROR;
				CLANG_WARN_RANGE_LOOP_ANALYSIS = YES;
				CLANG_WARN_STRICT_PROTOTYPES = YES;
				CLANG_WARN_SUSPICIOUS_MOVE = YES;
				CLANG_WARN_UNGUARDED_AVAILABILITY = YES_AGGRESSIVE;
				CLANG_WARN_UNREACHABLE_CODE = YES;
				CLANG_WARN__DUPLICATE_METHOD_MATCH = YES;
				CODE_SIGN_IDENTITY = "iPhone Developer";
				COPY_PHASE_STRIP = NO;
				DEBUG_INFORMATION_FORMAT = "dwarf-with-dsym";
				ENABLE_NS_ASSERTIONS = NO;
				ENABLE_STRICT_OBJC_MSGSEND = YES;
				GCC_C_LANGUAGE_STANDARD = gnu11;
				GCC_NO_COMMON_BLOCKS = YES;
				GCC_WARN_64_TO_32_BIT_CONVERSION = YES;
				GCC_WARN_ABOUT_RETURN_TYPE = YES_ERROR;
				GCC_WARN_UNDECLARED_SELECTOR = YES;
				GCC_WARN_UNINITIALIZED_AUTOS = YES_AGGRESSIVE;
				GCC_WARN_UNUSED_FUNCTION = YES;
				GCC_WARN_UNUSED_VARIABLE = YES;
				IPHONEOS_DEPLOYMENT_TARGET = 12.2;
				MTL_ENABLE_DEBUG_INFO = NO;
				MTL_FAST_MATH = YES;
				SDKROOT = iphoneos;
				SWIFT_COMPILATION_MODE = wholemodule;
				SWIFT_OPTIMIZATION_LEVEL = "-O";
				VALIDATE_PRODUCT = YES;
			};
			name = Release;
		};
		49C0492E2257524100C0C6CA /* Debug */ = {
			isa = XCBuildConfiguration;
			buildSettings = {
				ASSETCATALOG_COMPILER_APPICON_NAME = AppIcon;
				CODE_SIGN_STYLE = Automatic;
				DEVELOPMENT_TEAM = JKUK4Z4JD9;
				INFOPLIST_FILE = HomeCompas/Info.plist;
				LD_RUNPATH_SEARCH_PATHS = (
					"$(inherited)",
					"@executable_path/Frameworks",
				);
				PRODUCT_BUNDLE_IDENTIFIER = dk.mlj.HomeCompas;
				PRODUCT_NAME = "$(TARGET_NAME)";
				SWIFT_VERSION = 5.0;
				TARGETED_DEVICE_FAMILY = "1,2";
			};
			name = Debug;
		};
		49C0492F2257524100C0C6CA /* Release */ = {
			isa = XCBuildConfiguration;
			buildSettings = {
				ASSETCATALOG_COMPILER_APPICON_NAME = AppIcon;
				CODE_SIGN_STYLE = Automatic;
				DEVELOPMENT_TEAM = JKUK4Z4JD9;
				INFOPLIST_FILE = HomeCompas/Info.plist;
				LD_RUNPATH_SEARCH_PATHS = (
					"$(inherited)",
					"@executable_path/Frameworks",
				);
				PRODUCT_BUNDLE_IDENTIFIER = dk.mlj.HomeCompas;
				PRODUCT_NAME = "$(TARGET_NAME)";
				SWIFT_VERSION = 5.0;
				TARGETED_DEVICE_FAMILY = "1,2";
			};
			name = Release;
		};
		49C049312257524100C0C6CA /* Debug */ = {
			isa = XCBuildConfiguration;
			buildSettings = {
				ALWAYS_EMBED_SWIFT_STANDARD_LIBRARIES = YES;
				BUNDLE_LOADER = "$(TEST_HOST)";
				CODE_SIGN_STYLE = Automatic;
				DEVELOPMENT_TEAM = JKUK4Z4JD9;
				INFOPLIST_FILE = HomeCompasTests/Info.plist;
				LD_RUNPATH_SEARCH_PATHS = (
					"$(inherited)",
					"@executable_path/Frameworks",
					"@loader_path/Frameworks",
				);
				PRODUCT_BUNDLE_IDENTIFIER = dk.mlj.HomeCompasTests;
				PRODUCT_NAME = "$(TARGET_NAME)";
				SWIFT_VERSION = 5.0;
				TARGETED_DEVICE_FAMILY = "1,2";
				TEST_HOST = "$(BUILT_PRODUCTS_DIR)/HomeCompas.app/HomeCompas";
			};
			name = Debug;
		};
		49C049322257524100C0C6CA /* Release */ = {
			isa = XCBuildConfiguration;
			buildSettings = {
				ALWAYS_EMBED_SWIFT_STANDARD_LIBRARIES = YES;
				BUNDLE_LOADER = "$(TEST_HOST)";
				CODE_SIGN_STYLE = Automatic;
				DEVELOPMENT_TEAM = JKUK4Z4JD9;
				INFOPLIST_FILE = HomeCompasTests/Info.plist;
				LD_RUNPATH_SEARCH_PATHS = (
					"$(inherited)",
					"@executable_path/Frameworks",
					"@loader_path/Frameworks",
				);
				PRODUCT_BUNDLE_IDENTIFIER = dk.mlj.HomeCompasTests;
				PRODUCT_NAME = "$(TARGET_NAME)";
				SWIFT_VERSION = 5.0;
				TARGETED_DEVICE_FAMILY = "1,2";
				TEST_HOST = "$(BUILT_PRODUCTS_DIR)/HomeCompas.app/HomeCompas";
			};
			name = Release;
		};
		49C049342257524100C0C6CA /* Debug */ = {
			isa = XCBuildConfiguration;
			buildSettings = {
				ALWAYS_EMBED_SWIFT_STANDARD_LIBRARIES = YES;
				CODE_SIGN_STYLE = Automatic;
				DEVELOPMENT_TEAM = JKUK4Z4JD9;
				INFOPLIST_FILE = HomeCompasUITests/Info.plist;
				LD_RUNPATH_SEARCH_PATHS = (
					"$(inherited)",
					"@executable_path/Frameworks",
					"@loader_path/Frameworks",
				);
				PRODUCT_BUNDLE_IDENTIFIER = dk.mlj.HomeCompasUITests;
				PRODUCT_NAME = "$(TARGET_NAME)";
				SWIFT_VERSION = 5.0;
				TARGETED_DEVICE_FAMILY = "1,2";
				TEST_TARGET_NAME = HomeCompas;
			};
			name = Debug;
		};
		49C049352257524100C0C6CA /* Release */ = {
			isa = XCBuildConfiguration;
			buildSettings = {
				ALWAYS_EMBED_SWIFT_STANDARD_LIBRARIES = YES;
				CODE_SIGN_STYLE = Automatic;
				DEVELOPMENT_TEAM = JKUK4Z4JD9;
				INFOPLIST_FILE = HomeCompasUITests/Info.plist;
				LD_RUNPATH_SEARCH_PATHS = (
					"$(inherited)",
					"@executable_path/Frameworks",
					"@loader_path/Frameworks",
				);
				PRODUCT_BUNDLE_IDENTIFIER = dk.mlj.HomeCompasUITests;
				PRODUCT_NAME = "$(TARGET_NAME)";
				SWIFT_VERSION = 5.0;
				TARGETED_DEVICE_FAMILY = "1,2";
				TEST_TARGET_NAME = HomeCompas;
			};
			name = Release;
		};
/* End XCBuildConfiguration section */

/* Begin XCConfigurationList section */
		49C049002257524000C0C6CA /* Build configuration list for PBXProject "HomeCompas" */ = {
			isa = XCConfigurationList;
			buildConfigurations = (
				49C0492B2257524100C0C6CA /* Debug */,
				49C0492C2257524100C0C6CA /* Release */,
			);
			defaultConfigurationIsVisible = 0;
			defaultConfigurationName = Release;
		};
		49C0492D2257524100C0C6CA /* Build configuration list for PBXNativeTarget "HomeCompas" */ = {
			isa = XCConfigurationList;
			buildConfigurations = (
				49C0492E2257524100C0C6CA /* Debug */,
				49C0492F2257524100C0C6CA /* Release */,
			);
			defaultConfigurationIsVisible = 0;
			defaultConfigurationName = Release;
		};
		49C049302257524100C0C6CA /* Build configuration list for PBXNativeTarget "HomeCompasTests" */ = {
			isa = XCConfigurationList;
			buildConfigurations = (
				49C049312257524100C0C6CA /* Debug */,
				49C049322257524100C0C6CA /* Release */,
			);
			defaultConfigurationIsVisible = 0;
			defaultConfigurationName = Release;
		};
		49C049332257524100C0C6CA /* Build configuration list for PBXNativeTarget "HomeCompasUITests" */ = {
			isa = XCConfigurationList;
			buildConfigurations = (
				49C049342257524100C0C6CA /* Debug */,
				49C049352257524100C0C6CA /* Release */,
			);
			defaultConfigurationIsVisible = 0;
			defaultConfigurationName = Release;
		};
/* End XCConfigurationList section */
	};
	rootObject = 49C048FD2257524000C0C6CA /* Project object */;
}
